{
  "nodes": {
    "deploy-rs": {
      "inputs": {
        "flake-compat": "flake-compat",
        "nixpkgs": [
          "nixpkgs"
        ],
        "utils": "utils"
      },
      "locked": {
        "lastModified": 1668797197,
        "narHash": "sha256-0w6iD3GSSQbIeSFVDzAAQZB+hDq670ZTms3d9XI+BtM=",
        "owner": "serokell",
        "repo": "deploy-rs",
        "rev": "2a3c5f70eee04a465aa534d8bd4fcc9bb3c4a8ce",
        "type": "github"
      },
      "original": {
        "owner": "serokell",
        "repo": "deploy-rs",
        "type": "github"
      }
    },
    "disko": {
      "inputs": {
        "nixpkgs": [
          "nixpkgs"
        ]
      },
      "locked": {
        "lastModified": 1672841174,
        "narHash": "sha256-E4t0BnQdbvfbpd9uJnQen5Gsu3LreHoZff7c9Z0wr+Y=",
        "owner": "nix-community",
        "repo": "disko",
        "rev": "dd025155fb0f5d36afd6719e358e7cf99a47644e",
        "type": "github"
      },
      "original": {
        "owner": "nix-community",
        "repo": "disko",
        "type": "github"
      }
    },
    "fenix": {
      "inputs": {
        "nixpkgs": "nixpkgs",
        "rust-analyzer-src": "rust-analyzer-src"
      },
      "locked": {
        "lastModified": 1669703151,
        "narHash": "sha256-I6EcDjBIyFv3H7uhsq7agt9eJGUzCRKsRwXexrKBxNc=",
        "owner": "nix-community",
        "repo": "fenix",
        "rev": "723bf93513f1331961c5251817214e64d306b24a",
        "type": "github"
      },
      "original": {
        "owner": "nix-community",
        "repo": "fenix",
        "type": "github"
      }
    },
    "flake-compat": {
      "flake": false,
      "locked": {
        "lastModified": 1648199409,
        "narHash": "sha256-JwPKdC2PoVBkG6E+eWw3j6BMR6sL3COpYWfif7RVb8Y=",
        "owner": "edolstra",
        "repo": "flake-compat",
        "rev": "64a525ee38886ab9028e6f61790de0832aa3ef03",
        "type": "github"
      },
      "original": {
        "owner": "edolstra",
        "repo": "flake-compat",
        "type": "github"
      }
    },
    "flake-compat_2": {
      "flake": false,
      "locked": {
        "lastModified": 1668681692,
        "narHash": "sha256-Ht91NGdewz8IQLtWZ9LCeNXMSXHUss+9COoqu6JLmXU=",
        "owner": "edolstra",
        "repo": "flake-compat",
        "rev": "009399224d5e398d03b22badca40a37ac85412a1",
        "type": "github"
      },
      "original": {
        "owner": "edolstra",
        "repo": "flake-compat",
        "type": "github"
      }
    },
    "flake-utils": {
      "locked": {
        "lastModified": 1667395993,
        "narHash": "sha256-nuEHfE/LcWyuSWnS8t12N1wc105Qtau+/OdUAjtQ0rA=",
        "owner": "numtide",
        "repo": "flake-utils",
        "rev": "5aed5285a952e0b949eb3ba02c12fa4fcfef535f",
        "type": "github"
      },
      "original": {
        "owner": "numtide",
        "repo": "flake-utils",
        "type": "github"
      }
    },
    "flake-utils_2": {
      "locked": {
        "lastModified": 1667395993,
        "narHash": "sha256-nuEHfE/LcWyuSWnS8t12N1wc105Qtau+/OdUAjtQ0rA=",
        "owner": "numtide",
        "repo": "flake-utils",
        "rev": "5aed5285a952e0b949eb3ba02c12fa4fcfef535f",
        "type": "github"
      },
      "original": {
        "owner": "numtide",
        "repo": "flake-utils",
        "type": "github"
      }
    },
    "flake-utils_3": {
      "locked": {
        "lastModified": 1667395993,
        "narHash": "sha256-nuEHfE/LcWyuSWnS8t12N1wc105Qtau+/OdUAjtQ0rA=",
        "owner": "numtide",
        "repo": "flake-utils",
        "rev": "5aed5285a952e0b949eb3ba02c12fa4fcfef535f",
        "type": "github"
      },
      "original": {
        "owner": "numtide",
        "repo": "flake-utils",
        "type": "github"
      }
    },
    "home-manager": {
      "inputs": {
        "nixpkgs": "nixpkgs_2",
        "utils": "utils_2"
      },
      "locked": {
        "lastModified": 1669724862,
        "narHash": "sha256-GwLonjmyhnTGQRNfKcUCgMSKYj49ZehjjJulaM/yH18=",
        "owner": "nix-community",
        "repo": "home-manager",
        "rev": "e891b060e7d11bb8f7dedb86a41d804891a6f5a9",
        "type": "github"
      },
      "original": {
        "owner": "nix-community",
        "ref": "release-22.11",
        "repo": "home-manager",
        "type": "github"
      }
    },
    "lib-aggregate": {
      "inputs": {
        "flake-utils": "flake-utils_2",
        "nixpkgs-lib": "nixpkgs-lib"
      },
      "locked": {
        "lastModified": 1669550950,
        "narHash": "sha256-io6FpX7/mxvlVdY7pK/YWbwotZpcg3jRrtDFkDaAqjk=",
        "owner": "nix-community",
        "repo": "lib-aggregate",
        "rev": "58ded9dd8c06c1ad7a5bbeb0126ee3bee8d50bc6",
        "type": "github"
      },
      "original": {
        "owner": "nix-community",
        "repo": "lib-aggregate",
        "type": "github"
      }
    },
    "master": {
      "locked": {
        "lastModified": 1669725376,
        "narHash": "sha256-9cciyk57bxQIbqIemszas75nuGqsWmyrCIRQgiX4ud4=",
        "owner": "nixos",
        "repo": "nixpkgs",
        "rev": "343ea4052c014657981f19b267e16122de4264e6",
        "type": "github"
      },
      "original": {
        "owner": "nixos",
        "repo": "nixpkgs",
        "type": "github"
      }
    },
    "nix-eval-jobs": {
      "inputs": {
        "flake-utils": "flake-utils_3",
        "nixpkgs": [
          "nixpkgs-wayland",
          "nixpkgs"
        ]
      },
      "locked": {
        "lastModified": 1669724631,
        "narHash": "sha256-+kO6qMKil+KUqMJZyxfNN6p05GDgndlWkQbhFdjz7Cw=",
        "owner": "nix-community",
        "repo": "nix-eval-jobs",
        "rev": "188028ece93eb2aae210fee23a694932e6b629ea",
        "type": "github"
      },
      "original": {
        "owner": "nix-community",
        "repo": "nix-eval-jobs",
        "type": "github"
      }
    },
    "nix-formatter-pack": {
      "inputs": {
        "nixpkgs": [
          "nix-on-droid",
          "nixpkgs"
        ],
        "nmd": "nmd",
        "nmt": "nmt"
      },
      "locked": {
        "lastModified": 1666720474,
        "narHash": "sha256-iWojjDS1D19zpeZXbBdjWb9MiKmVVFQCqtJmtTXgPx8=",
        "owner": "Gerschtli",
        "repo": "nix-formatter-pack",
        "rev": "14876cc8fe94a3d329964ecb073b4c988c7b61f5",
        "type": "github"
      },
      "original": {
        "owner": "Gerschtli",
        "repo": "nix-formatter-pack",
        "type": "github"
      }
    },
    "nix-on-droid": {
      "inputs": {
        "home-manager": [
          "home-manager"
        ],
        "nix-formatter-pack": "nix-formatter-pack",
        "nixpkgs": [
          "nixpkgs"
        ],
        "nixpkgs-for-bootstrap": "nixpkgs-for-bootstrap",
        "nmd": "nmd_2"
      },
      "locked": {
        "lastModified": 1669422604,
        "narHash": "sha256-3t8SFcIAhHECKIN4T6UxkSOGYfNzXXq0OUdJcHtZCmw=",
        "owner": "t184256",
        "repo": "nix-on-droid",
        "rev": "4e58ce79715707f00fce7d9b4a146f67720a7a3c",
        "type": "github"
      },
      "original": {
        "owner": "t184256",
        "repo": "nix-on-droid",
        "type": "github"
      }
    },
    "nixlib": {
      "locked": {
        "lastModified": 1636849918,
        "narHash": "sha256-nzUK6dPcTmNVrgTAC1EOybSMsrcx+QrVPyqRdyKLkjA=",
        "owner": "nix-community",
        "repo": "nixpkgs.lib",
        "rev": "28a5b0557f14124608db68d3ee1f77e9329e9dd5",
        "type": "github"
      },
      "original": {
        "owner": "nix-community",
        "repo": "nixpkgs.lib",
        "type": "github"
      }
    },
    "nixos-generators": {
      "inputs": {
        "nixlib": "nixlib",
        "nixpkgs": [
          "nixpkgs"
        ]
      },
      "locked": {
        "lastModified": 1669065280,
        "narHash": "sha256-3+pq1oJWjGDLfd8G/vR3IIFZ+EQ/aglukA0bTiMlf3o=",
        "owner": "nix-community",
        "repo": "nixos-generators",
        "rev": "50aeec40f2072d2ab267c8ec8a345573704ec110",
        "type": "github"
      },
      "original": {
        "owner": "nix-community",
        "repo": "nixos-generators",
        "type": "github"
      }
    },
    "nixpkgs": {
      "locked": {
        "lastModified": 1669542132,
        "narHash": "sha256-DRlg++NJAwPh8io3ExBJdNW7Djs3plVI5jgYQ+iXAZQ=",
        "owner": "nixos",
        "repo": "nixpkgs",
        "rev": "a115bb9bd56831941be3776c8a94005867f316a7",
        "type": "github"
      },
      "original": {
        "owner": "nixos",
        "ref": "nixos-unstable",
        "repo": "nixpkgs",
        "type": "github"
      }
    },
    "nixpkgs-22-05": {
      "locked": {
        "lastModified": 1669677308,
        "narHash": "sha256-n788Cx+W6J1CtQofJD/KUY1c2WcJx6GqyJ+++1y9B3k=",
        "owner": "nixos",
        "repo": "nixpkgs",
        "rev": "f214b8c9455e90b70bafd4ed9a58d448c243e8bb",
        "type": "github"
      },
      "original": {
        "owner": "nixos",
        "ref": "release-22.05",
        "repo": "nixpkgs",
        "type": "github"
      }
    },
    "nixpkgs-22_05": {
      "locked": {
        "lastModified": 1669513802,
        "narHash": "sha256-AmTRNi8bHgJlmaNe3r5k+IMFbbXERM/KarqveMAZmsY=",
        "owner": "NixOS",
        "repo": "nixpkgs",
        "rev": "6649e08812f579581bfb4cada3ba01e30485c891",
        "type": "github"
      },
      "original": {
        "owner": "NixOS",
        "ref": "release-22.05",
        "repo": "nixpkgs",
        "type": "github"
      }
    },
    "nixpkgs-for-bootstrap": {
      "locked": {
        "lastModified": 1656265786,
        "narHash": "sha256-A9RkoGrxzsmMm0vily18p92Rasb+MbdDMaSnzmywXKw=",
        "owner": "NixOS",
        "repo": "nixpkgs",
        "rev": "cd90e773eae83ba7733d2377b6cdf84d45558780",
        "type": "github"
      },
      "original": {
        "owner": "NixOS",
        "repo": "nixpkgs",
        "rev": "cd90e773eae83ba7733d2377b6cdf84d45558780",
        "type": "github"
      }
    },
    "nixpkgs-lib": {
      "locked": {
        "lastModified": 1669510528,
        "narHash": "sha256-DliH3XfY9TOV6FdkB42L2LdEE9MKNAUvK91OBa9kYxc=",
        "owner": "nix-community",
        "repo": "nixpkgs.lib",
        "rev": "fd4ecf408b6f3555d48aa826fd9dee424bf7eb2e",
        "type": "github"
      },
      "original": {
        "owner": "nix-community",
        "repo": "nixpkgs.lib",
        "type": "github"
      }
    },
    "nixpkgs-unstable": {
      "locked": {
        "lastModified": 1669542132,
        "narHash": "sha256-DRlg++NJAwPh8io3ExBJdNW7Djs3plVI5jgYQ+iXAZQ=",
        "owner": "nixos",
        "repo": "nixpkgs",
        "rev": "a115bb9bd56831941be3776c8a94005867f316a7",
        "type": "github"
      },
      "original": {
        "owner": "nixos",
        "ref": "nixos-unstable",
        "repo": "nixpkgs",
        "type": "github"
      }
    },
    "nixpkgs-wayland": {
      "inputs": {
        "flake-compat": "flake-compat_2",
        "lib-aggregate": "lib-aggregate",
        "nix-eval-jobs": "nix-eval-jobs",
        "nixpkgs": [
          "nixpkgs"
        ]
      },
      "locked": {
        "lastModified": 1669726325,
        "narHash": "sha256-tpsKyQO6R4oTiTJ5KCh7F+3TFKIC3ZopyvMza4C0+Zg=",
        "owner": "nix-community",
        "repo": "nixpkgs-wayland",
        "rev": "ed97d6aa1af5f9b1466a1997edabdce0bf4e2754",
        "type": "github"
      },
      "original": {
        "owner": "nix-community",
        "repo": "nixpkgs-wayland",
        "type": "github"
      }
    },
    "nixpkgs_2": {
      "locked": {
        "lastModified": 1667629849,
        "narHash": "sha256-P+v+nDOFWicM4wziFK9S/ajF2lc0N2Rg9p6Y35uMoZI=",
        "owner": "nixos",
        "repo": "nixpkgs",
        "rev": "3bacde6273b09a21a8ccfba15586fb165078fb62",
        "type": "github"
      },
      "original": {
        "owner": "nixos",
        "ref": "nixos-unstable",
        "repo": "nixpkgs",
        "type": "github"
      }
    },
    "nixpkgs_3": {
      "locked": {
        "lastModified": 1669721162,
        "narHash": "sha256-LSBa2K9QXp5WiFfLo8sW4TyIsCDlapoUahSODzMZ7wg=",
        "owner": "nixos",
        "repo": "nixpkgs",
        "rev": "9d701ed3d77fd761f3f335b57feb8f02de92095b",
        "type": "github"
      },
      "original": {
        "owner": "nixos",
        "ref": "release-22.11",
        "repo": "nixpkgs",
        "type": "github"
      }
    },
    "nixpkgs_4": {
      "locked": {
        "lastModified": 1669507072,
        "narHash": "sha256-RQAHgHM7wfgUTWbEjb8Ki43tQUUcwIg1Ra+PNustAVI=",
        "owner": "NixOS",
        "repo": "nixpkgs",
        "rev": "9e6b054555c9b10310543cd213ce7c70bb0cbc5f",
        "type": "github"
      },
      "original": {
        "owner": "NixOS",
        "ref": "nixpkgs-unstable",
        "repo": "nixpkgs",
        "type": "github"
      }
    },
    "nmd": {
      "flake": false,
      "locked": {
        "lastModified": 1666190571,
        "narHash": "sha256-Z1hc7M9X6L+H83o9vOprijpzhTfOBjd0KmUTnpHAVjA=",
        "owner": "rycee",
        "repo": "nmd",
        "rev": "b75d312b4f33bd3294cd8ae5c2ca8c6da2afc169",
        "type": "gitlab"
      },
      "original": {
        "owner": "rycee",
        "repo": "nmd",
        "type": "gitlab"
      }
    },
    "nmd_2": {
      "flake": false,
      "locked": {
        "lastModified": 1666190571,
        "narHash": "sha256-Z1hc7M9X6L+H83o9vOprijpzhTfOBjd0KmUTnpHAVjA=",
        "owner": "rycee",
        "repo": "nmd",
        "rev": "b75d312b4f33bd3294cd8ae5c2ca8c6da2afc169",
        "type": "gitlab"
      },
      "original": {
        "owner": "rycee",
        "repo": "nmd",
        "type": "gitlab"
      }
    },
    "nmt": {
      "flake": false,
      "locked": {
        "lastModified": 1648075362,
        "narHash": "sha256-u36WgzoA84dMVsGXzml4wZ5ckGgfnvS0ryzo/3zn/Pc=",
        "owner": "rycee",
        "repo": "nmt",
        "rev": "d83601002c99b78c89ea80e5e6ba21addcfe12ae",
        "type": "gitlab"
      },
      "original": {
        "owner": "rycee",
        "repo": "nmt",
        "type": "gitlab"
      }
    },
    "nur": {
      "locked": {
        "lastModified": 1669725410,
        "narHash": "sha256-2pWGyQIYXf494NwhfxgiX6dGyCI3Fa9aJw1kt69ifjQ=",
        "owner": "nix-community",
        "repo": "NUR",
        "rev": "b21a304b8b59df9bddce08de18b47572893cbae6",
        "type": "github"
      },
      "original": {
        "owner": "nix-community",
        "repo": "NUR",
        "type": "github"
      }
    },
    "root": {
      "inputs": {
        "deploy-rs": "deploy-rs",
        "disko": "disko",
        "fenix": "fenix",
        "flake-utils": "flake-utils",
        "home-manager": "home-manager",
        "master": "master",
        "nix-on-droid": "nix-on-droid",
        "nixos-generators": "nixos-generators",
        "nixpkgs": "nixpkgs_3",
        "nixpkgs-22-05": "nixpkgs-22-05",
        "nixpkgs-unstable": "nixpkgs-unstable",
        "nixpkgs-wayland": "nixpkgs-wayland",
        "nur": "nur",
        "sops-nix": "sops-nix"
      }
    },
    "rust-analyzer-src": {
      "flake": false,
      "locked": {
        "lastModified": 1669551522,
        "narHash": "sha256-ScH3I2/5+tCN23U8mUUj/HoZXDF11fo1z93X9imAfOo=",
        "owner": "rust-lang",
        "repo": "rust-analyzer",
        "rev": "6d61be8e65ac0fd45eaf178e1f7a1ec6b582de1f",
        "type": "github"
      },
      "original": {
        "owner": "rust-lang",
        "ref": "nightly",
        "repo": "rust-analyzer",
        "type": "github"
      }
    },
    "sops-nix": {
      "inputs": {
        "nixpkgs": "nixpkgs_4",
        "nixpkgs-22_05": "nixpkgs-22_05"
      },
      "locked": {
        "lastModified": 1669714206,
        "narHash": "sha256-9aiMbzRL8REsyi9U0eZ+lT4s7HaILA1gh9n2apKzLxU=",
        "owner": "Mic92",
        "repo": "sops-nix",
        "rev": "8295b8139ef7baadeb90c5cad7a40c4c9297ebf7",
        "type": "github"
      },
      "original": {
        "owner": "Mic92",
        "repo": "sops-nix",
        "type": "github"
      }
    },
    "utils": {
      "locked": {
        "lastModified": 1648297722,
        "narHash": "sha256-W+qlPsiZd8F3XkzXOzAoR+mpFqzm3ekQkJNa+PIh1BQ=",
        "owner": "numtide",
        "repo": "flake-utils",
        "rev": "0f8662f1319ad6abf89b3380dd2722369fc51ade",
        "type": "github"
      },
      "original": {
        "owner": "numtide",
        "repo": "flake-utils",
        "type": "github"
      }
    },
    "utils_2": {
      "locked": {
        "lastModified": 1667395993,
        "narHash": "sha256-nuEHfE/LcWyuSWnS8t12N1wc105Qtau+/OdUAjtQ0rA=",
        "owner": "numtide",
        "repo": "flake-utils",
        "rev": "5aed5285a952e0b949eb3ba02c12fa4fcfef535f",
        "type": "github"
      },
      "original": {
        "owner": "numtide",
        "repo": "flake-utils",
        "type": "github"
      }
    }
  },
  "root": "root",
  "version": 7
}
