{
  "nodes": {
    "fenix": {
      "inputs": {
        "nixpkgs": "nixpkgs",
        "rust-analyzer-src": "rust-analyzer-src"
      },
      "locked": {
        "lastModified": 1631500111,
        "narHash": "sha256-hlQD1QaLRJPwedZY8bvioH6QxGvt4Suo+uaeKy/5HOI=",
        "owner": "nix-community",
        "repo": "fenix",
        "rev": "1e8a0035c4b81da23d195d77ffc240ef67b93516",
        "type": "github"
      },
      "original": {
        "owner": "nix-community",
        "repo": "fenix",
        "type": "github"
      }
    },
    "flake-compat": {
      "flake": false,
      "locked": {
        "lastModified": 1627913399,
        "narHash": "sha256-hY8g6H2KFL8ownSiFeMOjwPC8P0ueXpCVEbxgda3pko=",
        "owner": "edolstra",
        "repo": "flake-compat",
        "rev": "12c64ca55c1014cdc1b16ed5a804aa8576601ff2",
        "type": "github"
      },
      "original": {
        "owner": "edolstra",
        "repo": "flake-compat",
        "type": "github"
      }
    },
    "home-manager": {
      "inputs": {
        "nixpkgs": "nixpkgs_2"
      },
      "locked": {
        "lastModified": 1630076227,
        "narHash": "sha256-p3YdtqSPLnMudWsLMgd6XMEhQKB2oz1hvDkHtOlz5/Q=",
        "owner": "nix-community",
        "repo": "home-manager",
        "rev": "f5adb9be829f487f99bcc0f1884f74ddb85f70c8",
        "type": "github"
      },
      "original": {
        "owner": "nix-community",
        "ref": "release-21.05",
        "repo": "home-manager",
        "type": "github"
      }
    },
    "master": {
      "locked": {
        "lastModified": 1631531618,
        "narHash": "sha256-5bDEnmaJBtrOe8n8AiOl0DWo2xrRNpwvRjeL48B1iC4=",
        "owner": "nixos",
        "repo": "nixpkgs",
        "rev": "0f279e2e0c1ba0ad5bfbd79f055b9a2a9773f080",
        "type": "github"
      },
      "original": {
        "owner": "nixos",
        "ref": "master",
        "repo": "nixpkgs",
        "type": "github"
      }
    },
    "naersk": {
      "inputs": {
        "nixpkgs": "nixpkgs_3"
      },
      "locked": {
        "lastModified": 1631004250,
        "narHash": "sha256-LGh0CjAZwh13AVkTi9w9lITEC7x6bwSQyFViOZ6HyNo=",
        "owner": "nmattia",
        "repo": "naersk",
        "rev": "08afb3d1dbfe016108b72e05b02ba0f6ecb3c8e1",
        "type": "github"
      },
      "original": {
        "owner": "nmattia",
        "repo": "naersk",
        "type": "github"
      }
    },
    "nixpkgs": {
      "locked": {
        "lastModified": 1630850248,
        "narHash": "sha256-OzJi6Olf7mSVhGt3W7qOMVP5Qk1lH60zlHeCcITzfv0=",
        "owner": "nixos",
        "repo": "nixpkgs",
        "rev": "23d5823337f4502dfa17e192d8c53a47cabcb6b4",
        "type": "github"
      },
      "original": {
        "owner": "nixos",
        "ref": "nixos-unstable",
        "repo": "nixpkgs",
        "type": "github"
      }
    },
    "nixpkgs_2": {
      "locked": {
        "lastModified": 1631531618,
        "narHash": "sha256-5bDEnmaJBtrOe8n8AiOl0DWo2xrRNpwvRjeL48B1iC4=",
        "owner": "NixOS",
        "repo": "nixpkgs",
        "rev": "0f279e2e0c1ba0ad5bfbd79f055b9a2a9773f080",
        "type": "github"
      },
      "original": {
        "id": "nixpkgs",
        "type": "indirect"
      }
    },
    "nixpkgs_3": {
      "locked": {
        "lastModified": 1631531618,
        "narHash": "sha256-5bDEnmaJBtrOe8n8AiOl0DWo2xrRNpwvRjeL48B1iC4=",
        "owner": "NixOS",
        "repo": "nixpkgs",
        "rev": "0f279e2e0c1ba0ad5bfbd79f055b9a2a9773f080",
        "type": "github"
      },
      "original": {
        "id": "nixpkgs",
        "type": "indirect"
      }
    },
    "nixpkgs_4": {
      "locked": {
        "lastModified": 1631523195,
        "narHash": "sha256-cP4d/eyvHWSmcZVAyz6coY+WpXM2qkPbrSsFxJEcJn0=",
        "owner": "nixos",
        "repo": "nixpkgs",
        "rev": "9a3277af47a3cbaf855e413e4c9277240c426916",
        "type": "github"
      },
      "original": {
        "owner": "nixos",
        "ref": "release-21.05",
        "repo": "nixpkgs",
        "type": "github"
      }
    },
    "nur": {
      "locked": {
        "lastModified": 1631531919,
        "narHash": "sha256-GfQewxdso2ChzT5lozv6B0WAw61JObj7rlxOU673FLk=",
        "owner": "nix-community",
        "repo": "NUR",
        "rev": "7d5189a52e845cc0b80788fbe5c3e9f7b385c9dc",
        "type": "github"
      },
      "original": {
        "owner": "nix-community",
        "repo": "NUR",
        "type": "github"
      }
    },
    "root": {
      "inputs": {
        "fenix": "fenix",
        "flake-compat": "flake-compat",
        "home-manager": "home-manager",
        "master": "master",
        "naersk": "naersk",
        "nixpkgs": "nixpkgs_4",
        "nur": "nur",
        "unstable": "unstable"
      }
    },
    "rust-analyzer-src": {
      "flake": false,
      "locked": {
        "lastModified": 1630870637,
        "narHash": "sha256-TacpTVvHAIs4kZ5vibj8luy/kryYwxY+OXFNPnqiXP0=",
        "owner": "rust-analyzer",
        "repo": "rust-analyzer",
        "rev": "b73b321478d3b2a98d380eb79de717e01620c4e9",
        "type": "github"
      },
      "original": {
        "owner": "rust-analyzer",
        "ref": "nightly",
        "repo": "rust-analyzer",
        "type": "github"
      }
    },
    "unstable": {
      "locked": {
        "lastModified": 1631470189,
        "narHash": "sha256-hkUPYlpNOY9nbG1ByRin9NzPAYnPtwq/nGxO/DoeZd0=",
        "owner": "nixos",
        "repo": "nixpkgs",
        "rev": "364b5555ee04bf61ee0075a3adab4c9351a8d38c",
        "type": "github"
      },
      "original": {
        "owner": "nixos",
        "ref": "nixos-unstable",
        "repo": "nixpkgs",
        "type": "github"
      }
    }
  },
  "root": "root",
  "version": 7
}
