lockfileVersion: '9.0'

settings:
  autoInstallPeers: false
  excludeLinksFromLockfile: false

importers:

  .:
    dependencies:
      '@deepseek-ai/dsh-computer-use':
        specifier: 0.1.7-rc.2
        version: 0.1.7-rc.2(@deepseek-ai/dsh-brand@0.1.7-rc.2)
      '@deepseek-ai/dsh-experimental-agent-team-profile':
        specifier: 0.1.7-rc.2
        version: 0.1.7-rc.2
      '@deepseek-ai/dsh-experimental-computer-use-cua-driver-mcp':
        specifier: 0.1.7-rc.2
        version: 0.1.7-rc.2(@deepseek-ai/dsh-computer-use@0.1.7-rc.2(@deepseek-ai/dsh-brand@0.1.7-rc.2))

packages:

  '@deepseek-ai/cosmokit@1.8.5':
    resolution: {integrity: sha512-LXsrlem9z8dq4sLflj2yuCuYX7KqhdzF5hZly3eZyuTo8d6oDSOXuEgC5DbQWKW+lksm6zmOutQLsP/ma6wR6A==}

  '@deepseek-ai/dsh-brand@0.1.7-rc.2':
    resolution: {integrity: sha512-cvcvlNRuiFqZNNqyxdu7wcpiBjd9xa/0MpuhRvee43zBp9uED2p5JolZr5/2EKJf57gYx9k9bedb+Zbyiqnpkw==}
    peerDependencies:
      '@deepseek-ai/cordis': ~4.0.4

  '@deepseek-ai/dsh-computer-use@0.1.7-rc.2':
    resolution: {integrity: sha512-bvjdH3p6/dqZs2iocU7C8vzXEiYY8gH88yUs+NsoqyjxXtIpKoaQYHWiTabzefgy+leiNnD73fM0zZcnYVupIw==}
    peerDependencies:
      '@deepseek-ai/cordis': ~4.0.4
      '@deepseek-ai/dsh-brand': 0.1.7-rc.2

  '@deepseek-ai/dsh-experimental-agent-team-profile@0.1.7-rc.2':
    resolution: {integrity: sha512-WdcCnmEflVTWK4HRtJGnLDZxZFd00cCqB2kNc80XA60SB71/r+umYU2JACtTbslLlThD5OzADG0c/3LAYuW1vQ==}
    peerDependencies:
      '@deepseek-ai/cordis': ~4.0.4

  '@deepseek-ai/dsh-experimental-agent-team@0.1.7-rc.2':
    resolution: {integrity: sha512-N3/M+Wc1p50jKNF4fxJIP4m3iL4T4MiZelpIneVwwxVxoCTPlzdz0E5tKyN+p5x318aOxsibsa98D4N13Q4uoA==}
    peerDependencies:
      '@deepseek-ai/cordis': ~4.0.4
      '@deepseek-ai/dsh-agent': 0.1.7-rc.2
      '@deepseek-ai/dsh-invariants': 0.1.7-rc.2
      '@deepseek-ai/dsh-llm': 0.1.7-rc.2
      '@deepseek-ai/dsh-session': 0.1.7-rc.2
      '@deepseek-ai/dsh-session-persistence': 0.1.7-rc.2
      '@deepseek-ai/dsh-session-projection': 0.1.7-rc.2
      '@deepseek-ai/dsh-subagent': 0.1.7-rc.2

  '@deepseek-ai/dsh-experimental-client-ui-agent-team@0.1.7-rc.2':
    resolution: {integrity: sha512-K74WkKbc5ctqjVYxO3HHdBnINWvlVM39aMFIZntIH7PMK9HVRzzD0D51keigWAZhdvUVWwcX1IO7VW5ALg9TPg==}
    peerDependencies:
      '@deepseek-ai/cordis': ~4.0.4
      '@deepseek-ai/dsh-api-session-controller': 0.1.7-rc.2
      '@deepseek-ai/dsh-client-locale': 0.1.7-rc.2
      '@deepseek-ai/dsh-client-ui-conversation': 0.1.7-rc.2
      '@deepseek-ai/dsh-client-ui-primitives': 0.1.7-rc.2
      '@deepseek-ai/dsh-client-ui-renderer': 0.1.7-rc.2
      '@deepseek-ai/dsh-client-ui-session': 0.1.7-rc.2
      '@deepseek-ai/dsh-client-ui-slots': 0.1.7-rc.2
      '@deepseek-ai/dsh-client-ui-workspace': 0.1.7-rc.2
      '@deepseek-ai/dsh-experimental-agent-team': 0.1.7-rc.2
      '@deepseek-ai/dsh-session': 0.1.7-rc.2

  '@deepseek-ai/dsh-experimental-computer-use-cua-driver-mcp@0.1.7-rc.2':
    resolution: {integrity: sha512-M7FmpxoxPVscLzkFaSIHekzS+w9eP45+jEkCPoTrz82vkBJXkyow85hu7DIGCr9qdRTWhVNlhQlIwLLAUkvqbQ==}
    peerDependencies:
      '@deepseek-ai/cordis': ~4.0.4
      '@deepseek-ai/dsh-computer-use': 0.1.7-rc.2

  '@deepseek-ai/dsh-experimental-tool-agent-team@0.1.7-rc.2':
    resolution: {integrity: sha512-WQ4NkWo6c1WPv5D6VP3wIhWyEkFk5+ShsBk+ecwhzNKWi4Q8v92rqwoIBy0xtPiCkHdVcrjlD37H3PS8oAUQYQ==}
    peerDependencies:
      '@deepseek-ai/cordis': ~4.0.4
      '@deepseek-ai/dsh-agent': 0.1.7-rc.2
      '@deepseek-ai/dsh-experimental-agent-team': 0.1.7-rc.2
      '@deepseek-ai/dsh-session': 0.1.7-rc.2
      '@deepseek-ai/dsh-system-prompt': 0.1.7-rc.2
      '@deepseek-ai/dsh-tools': 0.1.7-rc.2

  '@deepseek-ai/dsh-mcp-client@0.1.7-rc.2':
    resolution: {integrity: sha512-AUEhxqk8rPl41cIfi07/9dbIKKDOT0LWifX3K7xRki57X3Hd3XCT4PRiYekqt9sOJ7863d2t/knWk4pryieZtQ==}
    peerDependencies:
      '@deepseek-ai/cordis': ~4.0.4
      '@deepseek-ai/dsh-attachment': 0.1.7-rc.2
      '@deepseek-ai/dsh-llm': 0.1.7-rc.2
      '@deepseek-ai/dsh-mcp-resources': 0.1.7-rc.2
      '@deepseek-ai/dsh-scope': 0.1.7-rc.2
      '@deepseek-ai/dsh-subprocess': 0.1.7-rc.2
      '@deepseek-ai/dsh-system-prompt': 0.1.7-rc.2
      '@deepseek-ai/dsh-timeout': 0.1.7-rc.2
      '@deepseek-ai/dsh-tools': 0.1.7-rc.2
    peerDependenciesMeta:
      '@deepseek-ai/dsh-mcp-resources':
        optional: true
      '@deepseek-ai/dsh-system-prompt':
        optional: true

  '@deepseek-ai/dsh-util-values@0.1.7-rc.2':
    resolution: {integrity: sha512-UX8nh5SbtZcPVVEvjd+9PCPcbybA6OpVzJGgFxYn59ao/7QQGyYbByS8KXr+THU5JtqmDDVb9xGUSJaF2IYmeQ==}
    peerDependencies:
      '@deepseek-ai/cordis': ~4.0.4

  '@deepseek-ai/schemastery@3.18.4':
    resolution: {integrity: sha512-SSXO6tYuyrIqKVbmOnIq0s+riUywYzouFMcnBluHF9n4KMo2G8HvEzhCYj6pj2617/glOjbJuVInJ9hfONsjkg==}

  '@modelcontextprotocol/client@2.0.0':
    resolution: {integrity: sha512-8f1OghQ2rjzIOfqgUCP+8GiUWqRs89njoWLNqAe8kWmDePv3s1fZXseej+QXemssEuuOvLLmLO/kqM3IQHtISw==}
    engines: {node: '>=20'}

  '@modelcontextprotocol/core@2.0.0':
    resolution: {integrity: sha512-pJCEwGG7Lfr/+PQp9ZTwKXNeO5wzbfKL7H3MYpCorM4oFBoQrdjnBgEoqG+RjhsvS1FKrDbKux+M1HhlnGWqcA==}
    engines: {node: '>=20'}

  '@standard-schema/spec@1.1.0':
    resolution: {integrity: sha512-l2aFy5jALhniG5HgqrD6jXLi/rUWrKvqN/qJx6yoJsgKhblVd+iqqU4RCXavm/jPityDo5TCvKMnpjKnOriy0w==}

  cross-spawn@7.0.6:
    resolution: {integrity: sha512-uV2QOWP2nWzsy2aMp8aRibhi9dlzF5Hgh5SHaB9OiTGEyDTiJJyx0uy51QXdyWbtAHNua4XJzUKca3OzKUd3vA==}
    engines: {node: '>= 8'}

  eventsource-parser@3.1.1:
    resolution: {integrity: sha512-EKN1vKAMcZ8MlYMpaNuxN6R9yakzH6uajHcHVTqWJzvu5pWw9DyhbP35HH8MVBQ+dZjAfDxk+A8NiR9KWaXiyQ==}
    engines: {node: '>=18.0.0'}

  eventsource@3.0.7:
    resolution: {integrity: sha512-CRT1WTyuQoD771GW56XEZFQ/ZoSfWid1alKGDYMmkt2yl8UXrVR4pspqWNEcqKvVIzg6PAltWjxcSSPrboA4iA==}
    engines: {node: '>=18.0.0'}

  isexe@2.0.0:
    resolution: {integrity: sha512-RHxMLp9lnKHGHRng9QFhRCMbYAcVpn69smSGcq3f36xjgVVWThj4qqLbTLlq7Ssj8B+fIQ1EuCEGI2lKsyQeIw==}

  jose@6.2.12:
    resolution: {integrity: sha512-9NiFmJEex0sy2Dk58j2UGBSHgUs2ypF9eZSu4L6vjOX3Dp96Sw1F3uL+H+D1sx02jZZdzUT0HgvCy59CuvXcWw==}

  path-key@3.1.1:
    resolution: {integrity: sha512-ojmeN0qd+y0jszEtoY48r0Peq5dwMEkIlCOu6Q5f41lfkswXuKtYrhgoTpLnyIcHm24Uhqx+5Tqm2InSwLhE6Q==}
    engines: {node: '>=8'}

  pkce-challenge@5.0.1:
    resolution: {integrity: sha512-wQ0b/W4Fr01qtpHlqSqspcj3EhBvimsdh0KlHhH8HRZnMsEa0ea2fTULOXOS9ccQr3om+GcGRk4e+isrZWV8qQ==}
    engines: {node: '>=16.20.0'}

  shebang-command@2.0.0:
    resolution: {integrity: sha512-kHxr2zZpYtdmrN1qDjrrX/Z1rR1kG8Dx+gkpK1G4eXmvXswmcE1hTWBWYUzlraYw1/yZp6YuDY77YtvbN0dmDA==}
    engines: {node: '>=8'}

  shebang-regex@3.0.0:
    resolution: {integrity: sha512-7++dFhtcx3353uBaq8DDR4NuxBetBzC7ZQOhmTQInHEd6bSrXdiEyzCvG07Z44UYdLShWUyXt5M/yhz8ekcb1A==}
    engines: {node: '>=8'}

  which@2.0.2:
    resolution: {integrity: sha512-BLI3Tl1TW3Pvl70l3yq3Y64i+awpwXqsGBYWkkqMtnbXgrMD+yj7rhW0kuEDxzJaYXGjEW5ogapKNMEKNMjibA==}
    engines: {node: '>= 8'}
    hasBin: true

  zod@4.6.5:
    resolution: {integrity: sha512-v5l/aFXZQeai4awLbOpSoHecE9UiMrnfx75tEXLjNonXVARxQ5mOeipTjROUchszUNCqnE+hqAMujRsRHsut2Q==}

snapshots:

  '@deepseek-ai/cosmokit@1.8.5': {}

  '@deepseek-ai/dsh-brand@0.1.7-rc.2': {}

  '@deepseek-ai/dsh-computer-use@0.1.7-rc.2(@deepseek-ai/dsh-brand@0.1.7-rc.2)':
    dependencies:
      '@deepseek-ai/dsh-brand': 0.1.7-rc.2

  '@deepseek-ai/dsh-experimental-agent-team-profile@0.1.7-rc.2':
    dependencies:
      '@deepseek-ai/dsh-experimental-agent-team': 0.1.7-rc.2
      '@deepseek-ai/dsh-experimental-client-ui-agent-team': 0.1.7-rc.2(@deepseek-ai/dsh-experimental-agent-team@0.1.7-rc.2)
      '@deepseek-ai/dsh-experimental-tool-agent-team': 0.1.7-rc.2(@deepseek-ai/dsh-experimental-agent-team@0.1.7-rc.2)
    transitivePeerDependencies:
      - '@deepseek-ai/dsh-agent'
      - '@deepseek-ai/dsh-api-session-controller'
      - '@deepseek-ai/dsh-client-locale'
      - '@deepseek-ai/dsh-client-ui-conversation'
      - '@deepseek-ai/dsh-client-ui-primitives'
      - '@deepseek-ai/dsh-client-ui-renderer'
      - '@deepseek-ai/dsh-client-ui-session'
      - '@deepseek-ai/dsh-client-ui-slots'
      - '@deepseek-ai/dsh-client-ui-workspace'
      - '@deepseek-ai/dsh-invariants'
      - '@deepseek-ai/dsh-llm'
      - '@deepseek-ai/dsh-session'
      - '@deepseek-ai/dsh-session-persistence'
      - '@deepseek-ai/dsh-session-projection'
      - '@deepseek-ai/dsh-subagent'
      - '@deepseek-ai/dsh-system-prompt'
      - '@deepseek-ai/dsh-tools'

  '@deepseek-ai/dsh-experimental-agent-team@0.1.7-rc.2':
    dependencies:
      '@deepseek-ai/dsh-brand': 0.1.7-rc.2
      '@deepseek-ai/schemastery': 3.18.4
      zod: 4.6.5

  '@deepseek-ai/dsh-experimental-client-ui-agent-team@0.1.7-rc.2(@deepseek-ai/dsh-experimental-agent-team@0.1.7-rc.2)':
    dependencies:
      '@deepseek-ai/dsh-experimental-agent-team': 0.1.7-rc.2

  '@deepseek-ai/dsh-experimental-computer-use-cua-driver-mcp@0.1.7-rc.2(@deepseek-ai/dsh-computer-use@0.1.7-rc.2(@deepseek-ai/dsh-brand@0.1.7-rc.2))':
    dependencies:
      '@deepseek-ai/dsh-computer-use': 0.1.7-rc.2(@deepseek-ai/dsh-brand@0.1.7-rc.2)
      '@deepseek-ai/dsh-mcp-client': 0.1.7-rc.2
      '@deepseek-ai/schemastery': 3.18.4
    transitivePeerDependencies:
      - '@deepseek-ai/dsh-attachment'
      - '@deepseek-ai/dsh-llm'
      - '@deepseek-ai/dsh-mcp-resources'
      - '@deepseek-ai/dsh-scope'
      - '@deepseek-ai/dsh-subprocess'
      - '@deepseek-ai/dsh-system-prompt'
      - '@deepseek-ai/dsh-timeout'
      - '@deepseek-ai/dsh-tools'

  '@deepseek-ai/dsh-experimental-tool-agent-team@0.1.7-rc.2(@deepseek-ai/dsh-experimental-agent-team@0.1.7-rc.2)':
    dependencies:
      '@deepseek-ai/dsh-experimental-agent-team': 0.1.7-rc.2
      '@deepseek-ai/schemastery': 3.18.4

  '@deepseek-ai/dsh-mcp-client@0.1.7-rc.2':
    dependencies:
      '@deepseek-ai/dsh-util-values': 0.1.7-rc.2
      '@deepseek-ai/schemastery': 3.18.4
      '@modelcontextprotocol/client': 2.0.0

  '@deepseek-ai/dsh-util-values@0.1.7-rc.2': {}

  '@deepseek-ai/schemastery@3.18.4':
    dependencies:
      '@deepseek-ai/cosmokit': 1.8.5
      '@standard-schema/spec': 1.1.0

  '@modelcontextprotocol/client@2.0.0':
    dependencies:
      '@modelcontextprotocol/core': 2.0.0
      cross-spawn: 7.0.6
      eventsource: 3.0.7
      eventsource-parser: 3.1.1
      jose: 6.2.12
      pkce-challenge: 5.0.1
      zod: 4.6.5

  '@modelcontextprotocol/core@2.0.0':
    dependencies:
      zod: 4.6.5

  '@standard-schema/spec@1.1.0': {}

  cross-spawn@7.0.6:
    dependencies:
      path-key: 3.1.1
      shebang-command: 2.0.0
      which: 2.0.2

  eventsource-parser@3.1.1: {}

  eventsource@3.0.7:
    dependencies:
      eventsource-parser: 3.1.1

  isexe@2.0.0: {}

  jose@6.2.12: {}

  path-key@3.1.1: {}

  pkce-challenge@5.0.1: {}

  shebang-command@2.0.0:
    dependencies:
      shebang-regex: 3.0.0

  shebang-regex@3.0.0: {}

  which@2.0.2:
    dependencies:
      isexe: 2.0.0

  zod@4.6.5: {}
