lockfileVersion: '9.0'

settings:
  autoInstallPeers: true
  excludeLinksFromLockfile: false

importers:

  .:
    dependencies:
      '@deepseek-ai/dsh-llm':
        specifier: ^0.1.1-rc.2
        version: 0.1.1-rc.2(@deepseek-ai/cordis@4.0.2)(@deepseek-ai/dsh-attachment@0.1.1-rc.2(@deepseek-ai/cordis@4.0.2)(@deepseek-ai/dsh-brand@0.1.1-rc.2(@deepseek-ai/cordis@4.0.2)(@deepseek-ai/dsh-invariants@0.1.1-rc.2(@deepseek-ai/cordis@4.0.2)))(@deepseek-ai/dsh-invariants@0.1.1-rc.2(@deepseek-ai/cordis@4.0.2)))(@deepseek-ai/dsh-brand@0.1.1-rc.2(@deepseek-ai/cordis@4.0.2)(@deepseek-ai/dsh-invariants@0.1.1-rc.2(@deepseek-ai/cordis@4.0.2)))(@deepseek-ai/dsh-invariants@0.1.1-rc.2(@deepseek-ai/cordis@4.0.2))(@deepseek-ai/dsh-timeout@0.1.1-rc.2(@deepseek-ai/cordis@4.0.2)(@deepseek-ai/dsh-invariants@0.1.1-rc.2(@deepseek-ai/cordis@4.0.2)))
      neovim:
        specifier: ^5.3.0
        version: 5.4.0
    devDependencies:
      '@deepseek-ai/cordis':
        specifier: ^4.0.1
        version: 4.0.2
      '@deepseek-ai/dsh-agent':
        specifier: ^0.1.1-rc.2
        version: 0.1.1-rc.2(3c98189bacd1cf866c0f2ac4684d266f)
      '@deepseek-ai/dsh-commands':
        specifier: ^0.1.1-rc.2
        version: 0.1.1-rc.2(cc6615eabf7c17e6177d2628b961dcb5)
      '@deepseek-ai/dsh-session':
        specifier: ^0.1.1-rc.2
        version: 0.1.1-rc.2(8df7545087af19146363c9f963e40f9c)
      '@deepseek-ai/dsh-tools':
        specifier: ^0.1.1-rc.2
        version: 0.1.1-rc.2(fce27d0fcc1cba3231d79c0a47b47475)
      '@types/node':
        specifier: ^22.0.0
        version: 22.20.1

packages:

  '@colors/colors@1.6.0':
    resolution: {integrity: sha512-Ir+AOibqzrIsL6ajt3Rz3LskB7OiMVHqltZmspbW/TJuTVuyOMirVqAkjfY6JISiLHgyNqicAC8AyHHGzNd/dA==}
    engines: {node: '>=0.1.90'}

  '@dabh/diagnostics@2.0.8':
    resolution: {integrity: sha512-R4MSXTVnuMzGD7bzHdW2ZhhdPC/igELENcq5IjEverBvq5hn1SXCWcsi6eSsdWP0/Ur+SItRRjAktmdoX/8R/Q==}

  '@deepseek-ai/cordis@4.0.2':
    resolution: {integrity: sha512-asOnXP1TzFSFQlHb1iegDZp0z/8WD1c7YNrwJR/Tx2bzNuMXfcekE/I67Iv6SQXeLB4csxqCngzQKANP7gdw0g==}
    hasBin: true
    peerDependencies:
      '@deepseek-ai/cordis-plugin-include': ^1.0.7
      '@deepseek-ai/cordis-plugin-loader': ^1.0.3
    peerDependenciesMeta:
      '@deepseek-ai/cordis-plugin-include':
        optional: true
      '@deepseek-ai/cordis-plugin-loader':
        optional: true

  '@deepseek-ai/cosmokit@1.8.3':
    resolution: {integrity: sha512-qBo+ronVM6Eu2WNVJXi8JcMiqZ19T9BRIpV+5qJUFPXjGH/Z0QKcQMC/IZJ7L394YTOtJgcovbk9qP0w2GsBXQ==}

  '@deepseek-ai/dsh-agent@0.1.1-rc.2':
    resolution: {integrity: sha512-cC7lnJe7JgPFcreNXxcxLMxQd78LnpVO9ZXROjZsGRQN1zGH6i/DduI892F1am85IfzzO+XTxMwwUHmfwamb0g==}
    peerDependencies:
      '@deepseek-ai/cordis': ^4.0.1
      '@deepseek-ai/dsh-invariants': ^0.1.1-rc.2
      '@deepseek-ai/dsh-llm': ^0.1.1-rc.2
      '@deepseek-ai/dsh-scope': ^0.1.1-rc.2
      '@deepseek-ai/dsh-session': ^0.1.1-rc.2
      '@deepseek-ai/dsh-system-prompt': ^0.1.1-rc.2
      '@deepseek-ai/dsh-typert-protocol': ^0.1.1-rc.2

  '@deepseek-ai/dsh-attachment@0.1.1-rc.2':
    resolution: {integrity: sha512-rCYAt8QsawP1yfDCU7XxNwYT/XWvyFsxYrkwhLLkdfW83QVD0CQHizSkTQE7RFX74nKUD1z3sTLfnLr7xneArw==}
    peerDependencies:
      '@deepseek-ai/cordis': ^4.0.1
      '@deepseek-ai/dsh-brand': ^0.1.1-rc.2
      '@deepseek-ai/dsh-invariants': ^0.1.1-rc.2

  '@deepseek-ai/dsh-brand@0.1.1-rc.2':
    resolution: {integrity: sha512-8vXsAXoUdzKAgvd/E9DgyT6HKmR6ZM4rtJ3fs/XoJ6n2kBk4tWil8Lv+jxCMWJeMOnTJF55gu2+NWQ3ECFPtJw==}
    peerDependencies:
      '@deepseek-ai/cordis': ^4.0.1
      '@deepseek-ai/dsh-invariants': ^0.1.1-rc.2

  '@deepseek-ai/dsh-code-runtime@0.1.1-rc.2':
    resolution: {integrity: sha512-SgFresqH5UABzRQZ7tOfqzOLMHF7089VeH+mfcwNQH5peOavgEKrAGOYz/9RnISH0XmMrj/x177t8gfO8Uvo/w==}
    peerDependencies:
      '@deepseek-ai/cordis': ^4.0.1
      '@deepseek-ai/dsh-invariants': ^0.1.1-rc.2

  '@deepseek-ai/dsh-commands@0.1.1-rc.2':
    resolution: {integrity: sha512-BOIe4Sht9rmMv1a6b3GWjWBbeWr7PtHlAy41vgpaymvUUuzOapOIA648ZMGCI/crRIt72Umev2FHtSwCNSbYZg==}
    peerDependencies:
      '@deepseek-ai/cordis': ^4.0.1
      '@deepseek-ai/dsh-agent': ^0.1.1-rc.2
      '@deepseek-ai/dsh-attachment': ^0.1.1-rc.2
      '@deepseek-ai/dsh-brand': ^0.1.1-rc.2
      '@deepseek-ai/dsh-invariants': ^0.1.1-rc.2
      '@deepseek-ai/dsh-llm': ^0.1.1-rc.2
      '@deepseek-ai/dsh-scope': ^0.1.1-rc.2
      '@deepseek-ai/dsh-session': ^0.1.1-rc.2
      '@deepseek-ai/dsh-typert-protocol': ^0.1.1-rc.2

  '@deepseek-ai/dsh-invariants@0.1.1-rc.2':
    resolution: {integrity: sha512-l+1Om/EDFyMjhgSuEx2WDLLA2fia/+ga9mBTCoT/MMslsnWaK5G0/lWwbwlTBSaJ6OfmYc3DuBgox8DbgIGHRQ==}
    peerDependencies:
      '@deepseek-ai/cordis': ^4.0.1

  '@deepseek-ai/dsh-llm@0.1.1-rc.2':
    resolution: {integrity: sha512-ASJfjIdZbIXvLwi3rGo+eZb/GxMVV/WO5/XVD3B96mT8EIzrlw3+nMR6/CvmJVzcycKQ2XN0wj7jD6TasPRySA==}
    peerDependencies:
      '@deepseek-ai/cordis': ^4.0.1
      '@deepseek-ai/dsh-attachment': ^0.1.1-rc.2
      '@deepseek-ai/dsh-brand': ^0.1.1-rc.2
      '@deepseek-ai/dsh-invariants': ^0.1.1-rc.2
      '@deepseek-ai/dsh-timeout': ^0.1.1-rc.2

  '@deepseek-ai/dsh-scope@0.1.1-rc.2':
    resolution: {integrity: sha512-Xy3ejL6dwVSluZL7XOWy76ya4pCw1uHwxodDK4O9XiQUiUV4FBXnt0aNJUtMeAFN0c1YujxxCmRniMvuuNn1Nw==}
    peerDependencies:
      '@deepseek-ai/cordis': ^4.0.1
      '@deepseek-ai/dsh-invariants': ^0.1.1-rc.2

  '@deepseek-ai/dsh-session@0.1.1-rc.2':
    resolution: {integrity: sha512-4/cv6X9HPhm47eyRhCu/WZwzrtJKegk5J+0xaxcZ9i8S0smdxP57tqy8a0jkSshLQn7BzMFxneQrlYExrLrDhQ==}
    peerDependencies:
      '@deepseek-ai/cordis': ^4.0.1
      '@deepseek-ai/dsh-brand': ^0.1.1-rc.2
      '@deepseek-ai/dsh-invariants': ^0.1.1-rc.2
      '@deepseek-ai/dsh-llm': ^0.1.1-rc.2
      '@deepseek-ai/dsh-scope': ^0.1.1-rc.2
      '@deepseek-ai/dsh-typert-protocol': ^0.1.1-rc.2

  '@deepseek-ai/dsh-system-prompt@0.1.1-rc.2':
    resolution: {integrity: sha512-on4hjAlYI5uX9q7Sf95YkMMBVe6heywtA/H50ksrIMUub8U2B98hO9iQpHhjwIO1F1vu+5pLcPvRr6yUGGmtXQ==}
    peerDependencies:
      '@deepseek-ai/cordis': ^4.0.1
      '@deepseek-ai/dsh-invariants': ^0.1.1-rc.2
      '@deepseek-ai/dsh-llm': ^0.1.1-rc.2
      '@deepseek-ai/dsh-scope': ^0.1.1-rc.2

  '@deepseek-ai/dsh-timeout@0.1.1-rc.2':
    resolution: {integrity: sha512-RrouVgU3G5gXr9zHhpThkMG6YKdcRJzXXdPm1dq3ioBxbvxlfMSfNY4tN8lWMJxLyGtvWkPra0HQX+YWxvdOOA==}
    peerDependencies:
      '@deepseek-ai/cordis': ^4.0.1
      '@deepseek-ai/dsh-invariants': ^0.1.1-rc.2

  '@deepseek-ai/dsh-tools@0.1.1-rc.2':
    resolution: {integrity: sha512-0GGL4D55MwYDepzZMOI3L0ycu5b2qr96GL0Y7snwhAnpK2Di61rbX3fJE+PB3ZrovGX0csIRdt9n3iJZDVtDrw==}
    peerDependencies:
      '@deepseek-ai/cordis': ^4.0.1
      '@deepseek-ai/dsh-agent': ^0.1.1-rc.2
      '@deepseek-ai/dsh-code-runtime': ^0.1.1-rc.2
      '@deepseek-ai/dsh-invariants': ^0.1.1-rc.2
      '@deepseek-ai/dsh-llm': ^0.1.1-rc.2
      '@deepseek-ai/dsh-scope': ^0.1.1-rc.2
      '@deepseek-ai/dsh-session': ^0.1.1-rc.2
      '@deepseek-ai/dsh-system-prompt': ^0.1.1-rc.2
      '@deepseek-ai/dsh-user-approval': ^0.1.1-rc.2

  '@deepseek-ai/dsh-typert-protocol@0.1.1-rc.2':
    resolution: {integrity: sha512-lxBssDc5Pz1qBE5kuIyaArA7AvIPq9rpaVclylodiSzVJe95e2xruBg73tflyjtd8y00toet+DLgQ6tSSsq6Kw==}
    peerDependencies:
      '@deepseek-ai/cordis': ^4.0.1
      '@deepseek-ai/dsh-invariants': ^0.1.1-rc.2

  '@deepseek-ai/dsh-user-approval@0.1.1-rc.2':
    resolution: {integrity: sha512-SdsO4Rs+NeJFoertkVilXBACREOLfkKPJJznYKqDhJxeRo38RJ56dtj0Xd0/6rERmsQiMck4Bwdrzg1ubUqPNA==}
    peerDependencies:
      '@deepseek-ai/cordis': ^4.0.1
      '@deepseek-ai/dsh-agent': ^0.1.1-rc.2
      '@deepseek-ai/dsh-brand': ^0.1.1-rc.2
      '@deepseek-ai/dsh-invariants': ^0.1.1-rc.2
      '@deepseek-ai/dsh-llm': ^0.1.1-rc.2
      '@deepseek-ai/dsh-scope': ^0.1.1-rc.2
      '@deepseek-ai/dsh-session': ^0.1.1-rc.2
      '@deepseek-ai/dsh-system-prompt': ^0.1.1-rc.2

  '@deepseek-ai/schemastery@3.18.2':
    resolution: {integrity: sha512-njDtZsznjYxok7KLLlHOPyuv2efdWVbSflAHgztSfbMsg+CVraEoRe2DjOCgClYv3ZCSm7WXoaUkbB/+RY7tWQ==}

  '@msgpack/msgpack@2.8.0':
    resolution: {integrity: sha512-h9u4u/jiIRKbq25PM+zymTyW6bhTzELvOoUd+AvYriWOAKpLGnIamaET3pnHYoI5iYphAHBI4ayx0MehR+VVPQ==}
    engines: {node: '>= 10'}

  '@so-ric/colorspace@1.1.6':
    resolution: {integrity: sha512-/KiKkpHNOBgkFJwu9sh48LkHSMYGyuTcSFK/qMBdnOAlrRJzRSXAOFB5qwzaVQuDl8wAvHVMkaASQDReTahxuw==}

  '@standard-schema/spec@1.1.0':
    resolution: {integrity: sha512-l2aFy5jALhniG5HgqrD6jXLi/rUWrKvqN/qJx6yoJsgKhblVd+iqqU4RCXavm/jPityDo5TCvKMnpjKnOriy0w==}

  '@types/node@22.20.1':
    resolution: {integrity: sha512-EANqOCF9QFyra+4pfxUcX9STKJpCLjMbObVzljIJomAWSnuSIEAvyzEU53GaajbXJEgdh0iEcPL+DGvpUd4k1Q==}

  '@types/triple-beam@1.3.5':
    resolution: {integrity: sha512-6WaYesThRMCl19iryMYP7/x2OVgCtbIVflDGFpWnb9irXI3UjYE4AzmYuiUKY1AJstGijoY+MgUszMgRxIYTYw==}

  async@3.2.6:
    resolution: {integrity: sha512-htCUDlxyyCLMgaM3xXg0C0LW2xqfuQ6p05pCEIsXuyQ+a1koYKTuBMzRNwmybfLgvJDMd0r1LTn4+E0Ti6C2AA==}

  color-convert@3.1.3:
    resolution: {integrity: sha512-fasDH2ont2GqF5HpyO4w0+BcewlhHEZOFn9c1ckZdHpJ56Qb7MHhH/IcJZbBGgvdtwdwNbLvxiBEdg336iA9Sg==}
    engines: {node: '>=14.6'}

  color-name@2.1.1:
    resolution: {integrity: sha512-p2FdgwVx1a9yWBHP2wI0VgShkDpgN4kZISkxdNipGBJWpa5G6b04OINlVWCyJj0JmfvcPrgqt95E9k8yvaOJFg==}
    engines: {node: '>=12.20'}

  color-string@2.1.4:
    resolution: {integrity: sha512-Bb6Cq8oq0IjDOe8wJmi4JeNn763Xs9cfrBcaylK1tPypWzyoy2G3l90v9k64kjphl/ZJjPIShFztenRomi8WTg==}
    engines: {node: '>=18'}

  color@5.0.3:
    resolution: {integrity: sha512-ezmVcLR3xAVp8kYOm4GS45ZLLgIE6SPAFoduLr6hTDajwb3KZ2F46gulK3XpcwRFb5KKGCSezCBAY4Dw4HsyXA==}
    engines: {node: '>=18'}

  enabled@2.0.0:
    resolution: {integrity: sha512-AKrN98kuwOzMIdAizXGI86UFBoo26CL21UM763y1h/GMSJ4/OHU9k2YlsmBpyScFo/wbLzWQJBMCW4+IO3/+OQ==}

  fecha@4.2.3:
    resolution: {integrity: sha512-OP2IUU6HeYKJi3i0z4A19kHMQoLVs4Hc+DPqqxI2h/DPZHTm/vjsfC6P0b4jCMy14XizLBqvndQ+UilD7707Jw==}

  fn.name@1.1.0:
    resolution: {integrity: sha512-GRnmB5gPyJpAhTQdSZTSp9uaPSvl09KoYcMQtsB9rQoOmzs9dH6ffeccH+Z+cv6P68Hu5bC6JjRh4Ah/mHSNRw==}

  inherits@2.0.4:
    resolution: {integrity: sha512-k/vGaX4/Yla3WzyMCvTQOXYeIHvqOKtnqBduzTHpzpQZzAskKMhZ2K+EnBiSM9zGSoIFeMpXKxa4dYeZIQqewQ==}

  is-stream@2.0.1:
    resolution: {integrity: sha512-hFoiJiTl63nn+kstHGBtewWSKnQLpyb155KHheA1l39uvtO9nWIop1p3udqPcUd/xbF1VLMO4n7OI6p7RbngDg==}
    engines: {node: '>=8'}

  kuler@2.0.0:
    resolution: {integrity: sha512-Xq9nH7KlWZmXAtodXDDRE7vs6DU1gTU8zYDHDiWLSip45Egwq3plLHzPn27NgvzL2r1LMPC1vdqh98sQxtqj4A==}

  logform@2.7.0:
    resolution: {integrity: sha512-TFYA4jnP7PVbmlBIfhlSe+WKxs9dklXMTEGcBCIvLhE/Tn3H6Gk1norupVW7m5Cnd4bLcr08AytbyV/xj7f/kQ==}
    engines: {node: '>= 12.0.0'}

  ms@2.1.3:
    resolution: {integrity: sha512-6FlzubTLZG3J2a/NVCAleEhjzq5oxgHyaCU9yYXvcLsvoVaHJq/s5xXI6/XXP6tz7R9xAOtHnSO/tXtF3WRTlA==}

  neovim@5.4.0:
    resolution: {integrity: sha512-95YXs6d5p8M0k8xrmJHQ9aVLv9ebpM3ZQnmTaSpbJtPSdxFaKq7szCP1Ou+S8K++rEsh7BvTPwqdtdlwQfT0pw==}
    engines: {node: '>=10'}
    hasBin: true

  one-time@1.0.0:
    resolution: {integrity: sha512-5DXOiRKwuSEcQ/l0kGCF6Q3jcADFv5tSmRaJck/OqkVFcOzutB134KRSfF0xDrL39MNnqxbHBbUUcjZIhTgb2g==}

  readable-stream@3.6.2:
    resolution: {integrity: sha512-9u/sniCrY3D5WdsERHzHE4G2YCXqoG5FTHUiCC4SIbr6XcLZBY05ya9EKjYek9O5xOAwjGq+1JdGBAS7Q9ScoA==}
    engines: {node: '>= 6'}

  safe-buffer@5.2.1:
    resolution: {integrity: sha512-rp3So07KcdmmKbGvgaNxQSJr7bGVSVk5S9Eq1F+ppbRo70+YeaDxkw5Dd8NPN+GD6bjnYm2VuPuCXmpuYvmCXQ==}

  safe-stable-stringify@2.5.0:
    resolution: {integrity: sha512-b3rppTKm9T+PsVCBEOUR46GWI7fdOs00VKZ1+9c1EWDaDMvjQc6tUwuFyIprgGgTcWoVHSKrU8H31ZHA2e0RHA==}
    engines: {node: '>=10'}

  stack-trace@0.0.10:
    resolution: {integrity: sha512-KGzahc7puUKkzyMt+IqAep+TVNbKP+k2Lmwhub39m1AsTSkaDutx56aDCo+HLDzf/D26BIHTJWNiTG1KAJiQCg==}

  string_decoder@1.3.0:
    resolution: {integrity: sha512-hkRX8U1WjJFd8LsDJ2yQ/wWWxaopEsABU1XfkM8A+j0+85JAGppt16cr1Whg6KIbb4okU6Mql6BOj+uup/wKeA==}

  text-hex@1.0.0:
    resolution: {integrity: sha512-uuVGNWzgJ4yhRaNSiubPY7OjISw4sw4E5Uv0wbjp+OzcbmVU/rsT8ujgcXJhn9ypzsgr5vlzpPqP+MBBKcGvbg==}

  triple-beam@1.4.1:
    resolution: {integrity: sha512-aZbgViZrg1QNcG+LULa7nhZpJTZSLm/mXnHXnbAbjmN5aSa0y7V+wvv6+4WaBtpISJzThKy+PIPxc1Nq1EJ9mg==}
    engines: {node: '>= 14.0.0'}

  undici-types@6.21.0:
    resolution: {integrity: sha512-iwDZqg0QAGrg9Rav5H4n0M64c3mkR59cJ6wQp+7C4nI0gsmExaedaYLNO44eT4AtBBwjbTiGPMlt2Md0T9H9JQ==}

  util-deprecate@1.0.2:
    resolution: {integrity: sha512-EPD5q1uXyFxJpCrLnCc1nHnq3gOa6DZBocAIiI2TaSCA7VCJ1UJDMagCzIkXNsUYfD1daK//LTEQ8xiIbrHtcw==}

  winston-transport@4.9.0:
    resolution: {integrity: sha512-8drMJ4rkgaPo1Me4zD/3WLfI/zPdA9o2IipKODunnGDcuqbHwjsbB79ylv04LCGGzU0xQ6vTznOMpQGaLhhm6A==}
    engines: {node: '>= 12.0.0'}

  winston@3.15.0:
    resolution: {integrity: sha512-RhruH2Cj0bV0WgNL+lOfoUBI4DVfdUNjVnJGVovWZmrcKtrFTTRzgXYK2O9cymSGjrERCtaAeHwMNnUWXlwZow==}
    engines: {node: '>= 12.0.0'}

  zod@4.5.4:
    resolution: {integrity: sha512-sC95tT5iHHH9gtpj6A81kh+NEaRAUFN+qlUPDUbRfOMvNf5QCBqsb3WgvnpVtK5Y+4UfA6KqufotuTvMGiTlsA==}

snapshots:

  '@colors/colors@1.6.0': {}

  '@dabh/diagnostics@2.0.8':
    dependencies:
      '@so-ric/colorspace': 1.1.6
      enabled: 2.0.0
      kuler: 2.0.0

  '@deepseek-ai/cordis@4.0.2':
    dependencies:
      '@deepseek-ai/cosmokit': 1.8.3
      '@standard-schema/spec': 1.1.0

  '@deepseek-ai/cosmokit@1.8.3': {}

  '@deepseek-ai/dsh-agent@0.1.1-rc.2(3c98189bacd1cf866c0f2ac4684d266f)':
    dependencies:
      '@deepseek-ai/cordis': 4.0.2
      '@deepseek-ai/dsh-invariants': 0.1.1-rc.2(@deepseek-ai/cordis@4.0.2)
      '@deepseek-ai/dsh-llm': 0.1.1-rc.2(@deepseek-ai/cordis@4.0.2)(@deepseek-ai/dsh-attachment@0.1.1-rc.2(@deepseek-ai/cordis@4.0.2)(@deepseek-ai/dsh-brand@0.1.1-rc.2(@deepseek-ai/cordis@4.0.2)(@deepseek-ai/dsh-invariants@0.1.1-rc.2(@deepseek-ai/cordis@4.0.2)))(@deepseek-ai/dsh-invariants@0.1.1-rc.2(@deepseek-ai/cordis@4.0.2)))(@deepseek-ai/dsh-brand@0.1.1-rc.2(@deepseek-ai/cordis@4.0.2)(@deepseek-ai/dsh-invariants@0.1.1-rc.2(@deepseek-ai/cordis@4.0.2)))(@deepseek-ai/dsh-invariants@0.1.1-rc.2(@deepseek-ai/cordis@4.0.2))(@deepseek-ai/dsh-timeout@0.1.1-rc.2(@deepseek-ai/cordis@4.0.2)(@deepseek-ai/dsh-invariants@0.1.1-rc.2(@deepseek-ai/cordis@4.0.2)))
      '@deepseek-ai/dsh-scope': 0.1.1-rc.2(@deepseek-ai/cordis@4.0.2)(@deepseek-ai/dsh-invariants@0.1.1-rc.2(@deepseek-ai/cordis@4.0.2))
      '@deepseek-ai/dsh-session': 0.1.1-rc.2(8df7545087af19146363c9f963e40f9c)
      '@deepseek-ai/dsh-system-prompt': 0.1.1-rc.2(@deepseek-ai/cordis@4.0.2)(@deepseek-ai/dsh-invariants@0.1.1-rc.2(@deepseek-ai/cordis@4.0.2))(@deepseek-ai/dsh-llm@0.1.1-rc.2(@deepseek-ai/cordis@4.0.2)(@deepseek-ai/dsh-attachment@0.1.1-rc.2(@deepseek-ai/cordis@4.0.2)(@deepseek-ai/dsh-brand@0.1.1-rc.2(@deepseek-ai/cordis@4.0.2)(@deepseek-ai/dsh-invariants@0.1.1-rc.2(@deepseek-ai/cordis@4.0.2)))(@deepseek-ai/dsh-invariants@0.1.1-rc.2(@deepseek-ai/cordis@4.0.2)))(@deepseek-ai/dsh-brand@0.1.1-rc.2(@deepseek-ai/cordis@4.0.2)(@deepseek-ai/dsh-invariants@0.1.1-rc.2(@deepseek-ai/cordis@4.0.2)))(@deepseek-ai/dsh-invariants@0.1.1-rc.2(@deepseek-ai/cordis@4.0.2))(@deepseek-ai/dsh-timeout@0.1.1-rc.2(@deepseek-ai/cordis@4.0.2)(@deepseek-ai/dsh-invariants@0.1.1-rc.2(@deepseek-ai/cordis@4.0.2))))(@deepseek-ai/dsh-scope@0.1.1-rc.2(@deepseek-ai/cordis@4.0.2)(@deepseek-ai/dsh-invariants@0.1.1-rc.2(@deepseek-ai/cordis@4.0.2)))
      '@deepseek-ai/dsh-typert-protocol': 0.1.1-rc.2(@deepseek-ai/cordis@4.0.2)(@deepseek-ai/dsh-invariants@0.1.1-rc.2(@deepseek-ai/cordis@4.0.2))

  '@deepseek-ai/dsh-attachment@0.1.1-rc.2(@deepseek-ai/cordis@4.0.2)(@deepseek-ai/dsh-brand@0.1.1-rc.2(@deepseek-ai/cordis@4.0.2)(@deepseek-ai/dsh-invariants@0.1.1-rc.2(@deepseek-ai/cordis@4.0.2)))(@deepseek-ai/dsh-invariants@0.1.1-rc.2(@deepseek-ai/cordis@4.0.2))':
    dependencies:
      '@deepseek-ai/cordis': 4.0.2
      '@deepseek-ai/dsh-brand': 0.1.1-rc.2(@deepseek-ai/cordis@4.0.2)(@deepseek-ai/dsh-invariants@0.1.1-rc.2(@deepseek-ai/cordis@4.0.2))
      '@deepseek-ai/dsh-invariants': 0.1.1-rc.2(@deepseek-ai/cordis@4.0.2)

  '@deepseek-ai/dsh-brand@0.1.1-rc.2(@deepseek-ai/cordis@4.0.2)(@deepseek-ai/dsh-invariants@0.1.1-rc.2(@deepseek-ai/cordis@4.0.2))':
    dependencies:
      '@deepseek-ai/cordis': 4.0.2
      '@deepseek-ai/dsh-invariants': 0.1.1-rc.2(@deepseek-ai/cordis@4.0.2)

  '@deepseek-ai/dsh-code-runtime@0.1.1-rc.2(@deepseek-ai/cordis@4.0.2)(@deepseek-ai/dsh-invariants@0.1.1-rc.2(@deepseek-ai/cordis@4.0.2))':
    dependencies:
      '@deepseek-ai/cordis': 4.0.2
      '@deepseek-ai/dsh-invariants': 0.1.1-rc.2(@deepseek-ai/cordis@4.0.2)

  '@deepseek-ai/dsh-commands@0.1.1-rc.2(cc6615eabf7c17e6177d2628b961dcb5)':
    dependencies:
      '@deepseek-ai/cordis': 4.0.2
      '@deepseek-ai/dsh-agent': 0.1.1-rc.2(3c98189bacd1cf866c0f2ac4684d266f)
      '@deepseek-ai/dsh-attachment': 0.1.1-rc.2(@deepseek-ai/cordis@4.0.2)(@deepseek-ai/dsh-brand@0.1.1-rc.2(@deepseek-ai/cordis@4.0.2)(@deepseek-ai/dsh-invariants@0.1.1-rc.2(@deepseek-ai/cordis@4.0.2)))(@deepseek-ai/dsh-invariants@0.1.1-rc.2(@deepseek-ai/cordis@4.0.2))
      '@deepseek-ai/dsh-brand': 0.1.1-rc.2(@deepseek-ai/cordis@4.0.2)(@deepseek-ai/dsh-invariants@0.1.1-rc.2(@deepseek-ai/cordis@4.0.2))
      '@deepseek-ai/dsh-invariants': 0.1.1-rc.2(@deepseek-ai/cordis@4.0.2)
      '@deepseek-ai/dsh-llm': 0.1.1-rc.2(@deepseek-ai/cordis@4.0.2)(@deepseek-ai/dsh-attachment@0.1.1-rc.2(@deepseek-ai/cordis@4.0.2)(@deepseek-ai/dsh-brand@0.1.1-rc.2(@deepseek-ai/cordis@4.0.2)(@deepseek-ai/dsh-invariants@0.1.1-rc.2(@deepseek-ai/cordis@4.0.2)))(@deepseek-ai/dsh-invariants@0.1.1-rc.2(@deepseek-ai/cordis@4.0.2)))(@deepseek-ai/dsh-brand@0.1.1-rc.2(@deepseek-ai/cordis@4.0.2)(@deepseek-ai/dsh-invariants@0.1.1-rc.2(@deepseek-ai/cordis@4.0.2)))(@deepseek-ai/dsh-invariants@0.1.1-rc.2(@deepseek-ai/cordis@4.0.2))(@deepseek-ai/dsh-timeout@0.1.1-rc.2(@deepseek-ai/cordis@4.0.2)(@deepseek-ai/dsh-invariants@0.1.1-rc.2(@deepseek-ai/cordis@4.0.2)))
      '@deepseek-ai/dsh-scope': 0.1.1-rc.2(@deepseek-ai/cordis@4.0.2)(@deepseek-ai/dsh-invariants@0.1.1-rc.2(@deepseek-ai/cordis@4.0.2))
      '@deepseek-ai/dsh-session': 0.1.1-rc.2(8df7545087af19146363c9f963e40f9c)
      '@deepseek-ai/dsh-typert-protocol': 0.1.1-rc.2(@deepseek-ai/cordis@4.0.2)(@deepseek-ai/dsh-invariants@0.1.1-rc.2(@deepseek-ai/cordis@4.0.2))
      zod: 4.5.4

  '@deepseek-ai/dsh-invariants@0.1.1-rc.2(@deepseek-ai/cordis@4.0.2)':
    dependencies:
      '@deepseek-ai/cordis': 4.0.2
      '@deepseek-ai/schemastery': 3.18.2

  '@deepseek-ai/dsh-llm@0.1.1-rc.2(@deepseek-ai/cordis@4.0.2)(@deepseek-ai/dsh-attachment@0.1.1-rc.2(@deepseek-ai/cordis@4.0.2)(@deepseek-ai/dsh-brand@0.1.1-rc.2(@deepseek-ai/cordis@4.0.2)(@deepseek-ai/dsh-invariants@0.1.1-rc.2(@deepseek-ai/cordis@4.0.2)))(@deepseek-ai/dsh-invariants@0.1.1-rc.2(@deepseek-ai/cordis@4.0.2)))(@deepseek-ai/dsh-brand@0.1.1-rc.2(@deepseek-ai/cordis@4.0.2)(@deepseek-ai/dsh-invariants@0.1.1-rc.2(@deepseek-ai/cordis@4.0.2)))(@deepseek-ai/dsh-invariants@0.1.1-rc.2(@deepseek-ai/cordis@4.0.2))(@deepseek-ai/dsh-timeout@0.1.1-rc.2(@deepseek-ai/cordis@4.0.2)(@deepseek-ai/dsh-invariants@0.1.1-rc.2(@deepseek-ai/cordis@4.0.2)))':
    dependencies:
      '@deepseek-ai/cordis': 4.0.2
      '@deepseek-ai/dsh-attachment': 0.1.1-rc.2(@deepseek-ai/cordis@4.0.2)(@deepseek-ai/dsh-brand@0.1.1-rc.2(@deepseek-ai/cordis@4.0.2)(@deepseek-ai/dsh-invariants@0.1.1-rc.2(@deepseek-ai/cordis@4.0.2)))(@deepseek-ai/dsh-invariants@0.1.1-rc.2(@deepseek-ai/cordis@4.0.2))
      '@deepseek-ai/dsh-brand': 0.1.1-rc.2(@deepseek-ai/cordis@4.0.2)(@deepseek-ai/dsh-invariants@0.1.1-rc.2(@deepseek-ai/cordis@4.0.2))
      '@deepseek-ai/dsh-invariants': 0.1.1-rc.2(@deepseek-ai/cordis@4.0.2)
      '@deepseek-ai/dsh-timeout': 0.1.1-rc.2(@deepseek-ai/cordis@4.0.2)(@deepseek-ai/dsh-invariants@0.1.1-rc.2(@deepseek-ai/cordis@4.0.2))
      '@deepseek-ai/schemastery': 3.18.2

  '@deepseek-ai/dsh-scope@0.1.1-rc.2(@deepseek-ai/cordis@4.0.2)(@deepseek-ai/dsh-invariants@0.1.1-rc.2(@deepseek-ai/cordis@4.0.2))':
    dependencies:
      '@deepseek-ai/cordis': 4.0.2
      '@deepseek-ai/dsh-invariants': 0.1.1-rc.2(@deepseek-ai/cordis@4.0.2)

  '@deepseek-ai/dsh-session@0.1.1-rc.2(8df7545087af19146363c9f963e40f9c)':
    dependencies:
      '@deepseek-ai/cordis': 4.0.2
      '@deepseek-ai/dsh-brand': 0.1.1-rc.2(@deepseek-ai/cordis@4.0.2)(@deepseek-ai/dsh-invariants@0.1.1-rc.2(@deepseek-ai/cordis@4.0.2))
      '@deepseek-ai/dsh-invariants': 0.1.1-rc.2(@deepseek-ai/cordis@4.0.2)
      '@deepseek-ai/dsh-llm': 0.1.1-rc.2(@deepseek-ai/cordis@4.0.2)(@deepseek-ai/dsh-attachment@0.1.1-rc.2(@deepseek-ai/cordis@4.0.2)(@deepseek-ai/dsh-brand@0.1.1-rc.2(@deepseek-ai/cordis@4.0.2)(@deepseek-ai/dsh-invariants@0.1.1-rc.2(@deepseek-ai/cordis@4.0.2)))(@deepseek-ai/dsh-invariants@0.1.1-rc.2(@deepseek-ai/cordis@4.0.2)))(@deepseek-ai/dsh-brand@0.1.1-rc.2(@deepseek-ai/cordis@4.0.2)(@deepseek-ai/dsh-invariants@0.1.1-rc.2(@deepseek-ai/cordis@4.0.2)))(@deepseek-ai/dsh-invariants@0.1.1-rc.2(@deepseek-ai/cordis@4.0.2))(@deepseek-ai/dsh-timeout@0.1.1-rc.2(@deepseek-ai/cordis@4.0.2)(@deepseek-ai/dsh-invariants@0.1.1-rc.2(@deepseek-ai/cordis@4.0.2)))
      '@deepseek-ai/dsh-scope': 0.1.1-rc.2(@deepseek-ai/cordis@4.0.2)(@deepseek-ai/dsh-invariants@0.1.1-rc.2(@deepseek-ai/cordis@4.0.2))
      '@deepseek-ai/dsh-typert-protocol': 0.1.1-rc.2(@deepseek-ai/cordis@4.0.2)(@deepseek-ai/dsh-invariants@0.1.1-rc.2(@deepseek-ai/cordis@4.0.2))

  '@deepseek-ai/dsh-system-prompt@0.1.1-rc.2(@deepseek-ai/cordis@4.0.2)(@deepseek-ai/dsh-invariants@0.1.1-rc.2(@deepseek-ai/cordis@4.0.2))(@deepseek-ai/dsh-llm@0.1.1-rc.2(@deepseek-ai/cordis@4.0.2)(@deepseek-ai/dsh-attachment@0.1.1-rc.2(@deepseek-ai/cordis@4.0.2)(@deepseek-ai/dsh-brand@0.1.1-rc.2(@deepseek-ai/cordis@4.0.2)(@deepseek-ai/dsh-invariants@0.1.1-rc.2(@deepseek-ai/cordis@4.0.2)))(@deepseek-ai/dsh-invariants@0.1.1-rc.2(@deepseek-ai/cordis@4.0.2)))(@deepseek-ai/dsh-brand@0.1.1-rc.2(@deepseek-ai/cordis@4.0.2)(@deepseek-ai/dsh-invariants@0.1.1-rc.2(@deepseek-ai/cordis@4.0.2)))(@deepseek-ai/dsh-invariants@0.1.1-rc.2(@deepseek-ai/cordis@4.0.2))(@deepseek-ai/dsh-timeout@0.1.1-rc.2(@deepseek-ai/cordis@4.0.2)(@deepseek-ai/dsh-invariants@0.1.1-rc.2(@deepseek-ai/cordis@4.0.2))))(@deepseek-ai/dsh-scope@0.1.1-rc.2(@deepseek-ai/cordis@4.0.2)(@deepseek-ai/dsh-invariants@0.1.1-rc.2(@deepseek-ai/cordis@4.0.2)))':
    dependencies:
      '@deepseek-ai/cordis': 4.0.2
      '@deepseek-ai/dsh-invariants': 0.1.1-rc.2(@deepseek-ai/cordis@4.0.2)
      '@deepseek-ai/dsh-llm': 0.1.1-rc.2(@deepseek-ai/cordis@4.0.2)(@deepseek-ai/dsh-attachment@0.1.1-rc.2(@deepseek-ai/cordis@4.0.2)(@deepseek-ai/dsh-brand@0.1.1-rc.2(@deepseek-ai/cordis@4.0.2)(@deepseek-ai/dsh-invariants@0.1.1-rc.2(@deepseek-ai/cordis@4.0.2)))(@deepseek-ai/dsh-invariants@0.1.1-rc.2(@deepseek-ai/cordis@4.0.2)))(@deepseek-ai/dsh-brand@0.1.1-rc.2(@deepseek-ai/cordis@4.0.2)(@deepseek-ai/dsh-invariants@0.1.1-rc.2(@deepseek-ai/cordis@4.0.2)))(@deepseek-ai/dsh-invariants@0.1.1-rc.2(@deepseek-ai/cordis@4.0.2))(@deepseek-ai/dsh-timeout@0.1.1-rc.2(@deepseek-ai/cordis@4.0.2)(@deepseek-ai/dsh-invariants@0.1.1-rc.2(@deepseek-ai/cordis@4.0.2)))
      '@deepseek-ai/dsh-scope': 0.1.1-rc.2(@deepseek-ai/cordis@4.0.2)(@deepseek-ai/dsh-invariants@0.1.1-rc.2(@deepseek-ai/cordis@4.0.2))
      '@deepseek-ai/schemastery': 3.18.2

  '@deepseek-ai/dsh-timeout@0.1.1-rc.2(@deepseek-ai/cordis@4.0.2)(@deepseek-ai/dsh-invariants@0.1.1-rc.2(@deepseek-ai/cordis@4.0.2))':
    dependencies:
      '@deepseek-ai/cordis': 4.0.2
      '@deepseek-ai/dsh-invariants': 0.1.1-rc.2(@deepseek-ai/cordis@4.0.2)

  '@deepseek-ai/dsh-tools@0.1.1-rc.2(fce27d0fcc1cba3231d79c0a47b47475)':
    dependencies:
      '@deepseek-ai/cordis': 4.0.2
      '@deepseek-ai/dsh-agent': 0.1.1-rc.2(3c98189bacd1cf866c0f2ac4684d266f)
      '@deepseek-ai/dsh-code-runtime': 0.1.1-rc.2(@deepseek-ai/cordis@4.0.2)(@deepseek-ai/dsh-invariants@0.1.1-rc.2(@deepseek-ai/cordis@4.0.2))
      '@deepseek-ai/dsh-invariants': 0.1.1-rc.2(@deepseek-ai/cordis@4.0.2)
      '@deepseek-ai/dsh-llm': 0.1.1-rc.2(@deepseek-ai/cordis@4.0.2)(@deepseek-ai/dsh-attachment@0.1.1-rc.2(@deepseek-ai/cordis@4.0.2)(@deepseek-ai/dsh-brand@0.1.1-rc.2(@deepseek-ai/cordis@4.0.2)(@deepseek-ai/dsh-invariants@0.1.1-rc.2(@deepseek-ai/cordis@4.0.2)))(@deepseek-ai/dsh-invariants@0.1.1-rc.2(@deepseek-ai/cordis@4.0.2)))(@deepseek-ai/dsh-brand@0.1.1-rc.2(@deepseek-ai/cordis@4.0.2)(@deepseek-ai/dsh-invariants@0.1.1-rc.2(@deepseek-ai/cordis@4.0.2)))(@deepseek-ai/dsh-invariants@0.1.1-rc.2(@deepseek-ai/cordis@4.0.2))(@deepseek-ai/dsh-timeout@0.1.1-rc.2(@deepseek-ai/cordis@4.0.2)(@deepseek-ai/dsh-invariants@0.1.1-rc.2(@deepseek-ai/cordis@4.0.2)))
      '@deepseek-ai/dsh-scope': 0.1.1-rc.2(@deepseek-ai/cordis@4.0.2)(@deepseek-ai/dsh-invariants@0.1.1-rc.2(@deepseek-ai/cordis@4.0.2))
      '@deepseek-ai/dsh-session': 0.1.1-rc.2(8df7545087af19146363c9f963e40f9c)
      '@deepseek-ai/dsh-system-prompt': 0.1.1-rc.2(@deepseek-ai/cordis@4.0.2)(@deepseek-ai/dsh-invariants@0.1.1-rc.2(@deepseek-ai/cordis@4.0.2))(@deepseek-ai/dsh-llm@0.1.1-rc.2(@deepseek-ai/cordis@4.0.2)(@deepseek-ai/dsh-attachment@0.1.1-rc.2(@deepseek-ai/cordis@4.0.2)(@deepseek-ai/dsh-brand@0.1.1-rc.2(@deepseek-ai/cordis@4.0.2)(@deepseek-ai/dsh-invariants@0.1.1-rc.2(@deepseek-ai/cordis@4.0.2)))(@deepseek-ai/dsh-invariants@0.1.1-rc.2(@deepseek-ai/cordis@4.0.2)))(@deepseek-ai/dsh-brand@0.1.1-rc.2(@deepseek-ai/cordis@4.0.2)(@deepseek-ai/dsh-invariants@0.1.1-rc.2(@deepseek-ai/cordis@4.0.2)))(@deepseek-ai/dsh-invariants@0.1.1-rc.2(@deepseek-ai/cordis@4.0.2))(@deepseek-ai/dsh-timeout@0.1.1-rc.2(@deepseek-ai/cordis@4.0.2)(@deepseek-ai/dsh-invariants@0.1.1-rc.2(@deepseek-ai/cordis@4.0.2))))(@deepseek-ai/dsh-scope@0.1.1-rc.2(@deepseek-ai/cordis@4.0.2)(@deepseek-ai/dsh-invariants@0.1.1-rc.2(@deepseek-ai/cordis@4.0.2)))
      '@deepseek-ai/dsh-user-approval': 0.1.1-rc.2(a10a28888be22f3eb1fe5cbc6aa13111)
      '@deepseek-ai/schemastery': 3.18.2

  '@deepseek-ai/dsh-typert-protocol@0.1.1-rc.2(@deepseek-ai/cordis@4.0.2)(@deepseek-ai/dsh-invariants@0.1.1-rc.2(@deepseek-ai/cordis@4.0.2))':
    dependencies:
      '@deepseek-ai/cordis': 4.0.2
      '@deepseek-ai/dsh-invariants': 0.1.1-rc.2(@deepseek-ai/cordis@4.0.2)

  '@deepseek-ai/dsh-user-approval@0.1.1-rc.2(a10a28888be22f3eb1fe5cbc6aa13111)':
    dependencies:
      '@deepseek-ai/cordis': 4.0.2
      '@deepseek-ai/dsh-agent': 0.1.1-rc.2(3c98189bacd1cf866c0f2ac4684d266f)
      '@deepseek-ai/dsh-brand': 0.1.1-rc.2(@deepseek-ai/cordis@4.0.2)(@deepseek-ai/dsh-invariants@0.1.1-rc.2(@deepseek-ai/cordis@4.0.2))
      '@deepseek-ai/dsh-invariants': 0.1.1-rc.2(@deepseek-ai/cordis@4.0.2)
      '@deepseek-ai/dsh-llm': 0.1.1-rc.2(@deepseek-ai/cordis@4.0.2)(@deepseek-ai/dsh-attachment@0.1.1-rc.2(@deepseek-ai/cordis@4.0.2)(@deepseek-ai/dsh-brand@0.1.1-rc.2(@deepseek-ai/cordis@4.0.2)(@deepseek-ai/dsh-invariants@0.1.1-rc.2(@deepseek-ai/cordis@4.0.2)))(@deepseek-ai/dsh-invariants@0.1.1-rc.2(@deepseek-ai/cordis@4.0.2)))(@deepseek-ai/dsh-brand@0.1.1-rc.2(@deepseek-ai/cordis@4.0.2)(@deepseek-ai/dsh-invariants@0.1.1-rc.2(@deepseek-ai/cordis@4.0.2)))(@deepseek-ai/dsh-invariants@0.1.1-rc.2(@deepseek-ai/cordis@4.0.2))(@deepseek-ai/dsh-timeout@0.1.1-rc.2(@deepseek-ai/cordis@4.0.2)(@deepseek-ai/dsh-invariants@0.1.1-rc.2(@deepseek-ai/cordis@4.0.2)))
      '@deepseek-ai/dsh-scope': 0.1.1-rc.2(@deepseek-ai/cordis@4.0.2)(@deepseek-ai/dsh-invariants@0.1.1-rc.2(@deepseek-ai/cordis@4.0.2))
      '@deepseek-ai/dsh-session': 0.1.1-rc.2(8df7545087af19146363c9f963e40f9c)
      '@deepseek-ai/dsh-system-prompt': 0.1.1-rc.2(@deepseek-ai/cordis@4.0.2)(@deepseek-ai/dsh-invariants@0.1.1-rc.2(@deepseek-ai/cordis@4.0.2))(@deepseek-ai/dsh-llm@0.1.1-rc.2(@deepseek-ai/cordis@4.0.2)(@deepseek-ai/dsh-attachment@0.1.1-rc.2(@deepseek-ai/cordis@4.0.2)(@deepseek-ai/dsh-brand@0.1.1-rc.2(@deepseek-ai/cordis@4.0.2)(@deepseek-ai/dsh-invariants@0.1.1-rc.2(@deepseek-ai/cordis@4.0.2)))(@deepseek-ai/dsh-invariants@0.1.1-rc.2(@deepseek-ai/cordis@4.0.2)))(@deepseek-ai/dsh-brand@0.1.1-rc.2(@deepseek-ai/cordis@4.0.2)(@deepseek-ai/dsh-invariants@0.1.1-rc.2(@deepseek-ai/cordis@4.0.2)))(@deepseek-ai/dsh-invariants@0.1.1-rc.2(@deepseek-ai/cordis@4.0.2))(@deepseek-ai/dsh-timeout@0.1.1-rc.2(@deepseek-ai/cordis@4.0.2)(@deepseek-ai/dsh-invariants@0.1.1-rc.2(@deepseek-ai/cordis@4.0.2))))(@deepseek-ai/dsh-scope@0.1.1-rc.2(@deepseek-ai/cordis@4.0.2)(@deepseek-ai/dsh-invariants@0.1.1-rc.2(@deepseek-ai/cordis@4.0.2)))
      '@deepseek-ai/schemastery': 3.18.2

  '@deepseek-ai/schemastery@3.18.2':
    dependencies:
      '@deepseek-ai/cosmokit': 1.8.3
      '@standard-schema/spec': 1.1.0

  '@msgpack/msgpack@2.8.0': {}

  '@so-ric/colorspace@1.1.6':
    dependencies:
      color: 5.0.3
      text-hex: 1.0.0

  '@standard-schema/spec@1.1.0': {}

  '@types/node@22.20.1':
    dependencies:
      undici-types: 6.21.0

  '@types/triple-beam@1.3.5': {}

  async@3.2.6: {}

  color-convert@3.1.3:
    dependencies:
      color-name: 2.1.1

  color-name@2.1.1: {}

  color-string@2.1.4:
    dependencies:
      color-name: 2.1.1

  color@5.0.3:
    dependencies:
      color-convert: 3.1.3
      color-string: 2.1.4

  enabled@2.0.0: {}

  fecha@4.2.3: {}

  fn.name@1.1.0: {}

  inherits@2.0.4: {}

  is-stream@2.0.1: {}

  kuler@2.0.0: {}

  logform@2.7.0:
    dependencies:
      '@colors/colors': 1.6.0
      '@types/triple-beam': 1.3.5
      fecha: 4.2.3
      ms: 2.1.3
      safe-stable-stringify: 2.5.0
      triple-beam: 1.4.1

  ms@2.1.3: {}

  neovim@5.4.0:
    dependencies:
      '@msgpack/msgpack': 2.8.0
      winston: 3.15.0

  one-time@1.0.0:
    dependencies:
      fn.name: 1.1.0

  readable-stream@3.6.2:
    dependencies:
      inherits: 2.0.4
      string_decoder: 1.3.0
      util-deprecate: 1.0.2

  safe-buffer@5.2.1: {}

  safe-stable-stringify@2.5.0: {}

  stack-trace@0.0.10: {}

  string_decoder@1.3.0:
    dependencies:
      safe-buffer: 5.2.1

  text-hex@1.0.0: {}

  triple-beam@1.4.1: {}

  undici-types@6.21.0: {}

  util-deprecate@1.0.2: {}

  winston-transport@4.9.0:
    dependencies:
      logform: 2.7.0
      readable-stream: 3.6.2
      triple-beam: 1.4.1

  winston@3.15.0:
    dependencies:
      '@colors/colors': 1.6.0
      '@dabh/diagnostics': 2.0.8
      async: 3.2.6
      is-stream: 2.0.1
      logform: 2.7.0
      one-time: 1.0.0
      readable-stream: 3.6.2
      safe-stable-stringify: 2.5.0
      stack-trace: 0.0.10
      triple-beam: 1.4.1
      winston-transport: 4.9.0

  zod@4.5.4: {}
