lockfileVersion: '9.0'

settings:
  autoInstallPeers: false
  excludeLinksFromLockfile: false

importers:

  .:
    dependencies:
      '@linxin666/dsh-client-ui-skin-blue-fantasy':
        specifier: ^0.1.12
        version: 0.1.12
      '@linxin666/dsh-client-ui-task-board':
        specifier: ^0.1.12
        version: 0.1.12(react@18.3.1)
      '@linxin666/dsh-liangshen':
        specifier: ^0.1.15
        version: 0.1.15
      '@linxin666/dsh-tool-describe-image':
        specifier: ^0.1.12
        version: 0.1.12(react@18.3.1)
      '@loserfox/distill':
        specifier: github:LoserFox/distill
        version: https://codeload.github.com/LoserFox/distill/tar.gz/d2aaa395adeffe88e429be796c12d829752cbad1
      '@omdsh-dev/dsh-genui':
        specifier: github:omdsh-dev/dsh-genui
        version: https://codeload.github.com/omdsh-dev/dsh-genui/tar.gz/0e756efb7671e6b8413dde3d8e199c68fa89cbeb

packages:

  '@linxin666/dsh-client-ui-skin-blue-fantasy@0.1.12':
    resolution: {integrity: sha512-bRl+QBegf+FsclbLdnq0XNJtt8XK5eEzRGPtUZU1SIM20Cf3vaurU/yVAixwArpu1JH/8DlRD13ALWebZE8X2Q==}

  '@linxin666/dsh-client-ui-task-board@0.1.12':
    resolution: {integrity: sha512-ru6uGKASYrQJcQJs9hH0WoqC0i0yPKzbiXgykFt0sRp0Qn1NCJ1247bTpkOlDhtdkE2CYDxRF6WI6BFuOhtF7w==}
    peerDependencies:
      '@deepseek-ai/dsh-client-connection': ^0.1.0-rc.6
      '@deepseek-ai/dsh-client-runtime': ^0.1.0-rc.6
      '@deepseek-ai/dsh-client-ui-settings': ^0.1.0-rc.6
      '@deepseek-ai/dsh-settings': ^0.1.0-rc.6
      react: ^18.2.0

  '@linxin666/dsh-liangshen@0.1.15':
    resolution: {integrity: sha512-i4sdrbVXUFo9Id7Bo21p9/HdsrwSAhVJWVs2f0TEh3EfL10r/rIyu8MNMpsHKGoT65wdnkSPhDQ8mCM8XvpF7w==}
    engines: {node: ^22.19.0 || >=24.0.0}

  '@linxin666/dsh-tool-describe-image@0.1.12':
    resolution: {integrity: sha512-O1llo0/za1ghaw8eMxb24O0KrDdkejxIVYfeqGyZ6QGbgj7dXfUOdp+WKyk0IWaqwC3ruSL47pJqEl85cTQXeg==}
    engines: {node: ^22.19.0 || >=24.0.0}
    peerDependencies:
      '@deepseek-ai/dsh-attachment': ^0.1.0-rc.6
      '@deepseek-ai/dsh-client-locale': ^0.1.0-rc.6
      '@deepseek-ai/dsh-client-runtime': ^0.1.0-rc.6
      '@deepseek-ai/dsh-client-ui-conversation': ^0.1.0-rc.6
      '@deepseek-ai/dsh-client-ui-settings': ^0.1.0-rc.6
      '@deepseek-ai/dsh-client-ui-slots': ^0.1.0-rc.6
      '@deepseek-ai/dsh-credentials': ^0.1.0-rc.6
      '@deepseek-ai/dsh-launch-environment': ^0.1.0-rc.6
      '@deepseek-ai/dsh-settings': ^0.1.0-rc.6
      '@deepseek-ai/dsh-tools': ^0.1.0-rc.6
      react: ^18.2.0

  '@loserfox/distill@https://codeload.github.com/LoserFox/distill/tar.gz/d2aaa395adeffe88e429be796c12d829752cbad1':
    resolution: {gitHosted: true, tarball: https://codeload.github.com/LoserFox/distill/tar.gz/d2aaa395adeffe88e429be796c12d829752cbad1}
    version: 0.1.0
    peerDependencies:
      '@deepseek-ai/cordis': ^4.0.1
      '@deepseek-ai/dsh-agent': ^0.1.0-rc.6
      '@deepseek-ai/dsh-llm': ^0.0.1-rc.1
      '@deepseek-ai/dsh-session': ^0.0.1-rc.1
      '@deepseek-ai/dsh-skill': ^0.0.1-rc.1
      '@deepseek-ai/dsh-subagent': ^0.0.1-rc.1
      '@deepseek-ai/dsh-timeout': ^0.0.1-rc.1
      '@deepseek-ai/dsh-tools': ^0.0.1-rc.1
      '@deepseek-ai/schemastery': ^3.18.1

  '@omdsh-dev/dsh-genui@https://codeload.github.com/omdsh-dev/dsh-genui/tar.gz/0e756efb7671e6b8413dde3d8e199c68fa89cbeb':
    resolution: {gitHosted: true, tarball: https://codeload.github.com/omdsh-dev/dsh-genui/tar.gz/0e756efb7671e6b8413dde3d8e199c68fa89cbeb}
    version: 0.8.3
    engines: {node: ^22.19.0 || >=24.0.0, pnpm: '>=11.7.0 <12'}
    peerDependencies:
      '@deepseek-ai/cordis': ^4.0.1
      '@deepseek-ai/dsh-client-runtime': ^0.1.0-rc.6
      '@deepseek-ai/dsh-client-ui-primitives': ^0.1.0-rc.6
      '@deepseek-ai/dsh-client-ui-slots': ^0.1.0-rc.6
      '@deepseek-ai/dsh-client-ui-tool': ^0.1.0-rc.6
      '@deepseek-ai/dsh-invariants': ^0.1.0-rc.6
      '@deepseek-ai/dsh-llm': ^0.1.0-rc.6
      '@deepseek-ai/dsh-system-prompt': ^0.1.0-rc.6
      '@deepseek-ai/dsh-tools': ^0.1.0-rc.6

  '@standard-schema/spec@1.1.0':
    resolution: {integrity: sha512-l2aFy5jALhniG5HgqrD6jXLi/rUWrKvqN/qJx6yoJsgKhblVd+iqqU4RCXavm/jPityDo5TCvKMnpjKnOriy0w==}

  cosmokit@1.8.1:
    resolution: {integrity: sha512-PDBv4l90xZKrUsZ0vtoycgZpO/j4iFsqJXrAxsyBDsnQRI7ZMJXIjgDJsKNjd5L8jnVnnlrDCdhkFbTncgCVjQ==}

  js-tokens@4.0.0:
    resolution: {integrity: sha512-RdJUflcE3cUzKiMqQgsCu06FPu9UdIJO0beYbPhHN4k6apgJtifcoCtT9bcxOpYBtpD2kCM6Sbzg4CausW/PKQ==}

  loose-envify@1.4.0:
    resolution: {integrity: sha512-lyuxPGr/Wfhrlem2CL/UcnUc1zcqKAImBDzukY7Y5F/yQiNdko6+fRLevlw1HgMySw7f611UIY408EtxRSoK3Q==}
    hasBin: true

  react@18.3.1:
    resolution: {integrity: sha512-wS+hAgJShR0KhEvPJArfuPVN1+Hz1t0Y6n5jLrGQbkb4urgPE/0Rve+1kMB1v/oWgHgm4WIcV+i7F2pTVj+2iQ==}
    engines: {node: '>=0.10.0'}

  schemastery@3.18.0:
    resolution: {integrity: sha512-Jw2uxjoyyqc/yeurmChUEc/jbi8GsrdXV/KmqRUDZXJAXAmrJiPsz8vKa17l/VckyzljHZ9oGaul443CQiXxtA==}

snapshots:

  '@linxin666/dsh-client-ui-skin-blue-fantasy@0.1.12': {}

  '@linxin666/dsh-client-ui-task-board@0.1.12(react@18.3.1)':
    dependencies:
      react: 18.3.1
      schemastery: 3.18.0

  '@linxin666/dsh-liangshen@0.1.15':
    dependencies:
      schemastery: 3.18.0

  '@linxin666/dsh-tool-describe-image@0.1.12(react@18.3.1)':
    dependencies:
      react: 18.3.1
      schemastery: 3.18.0

  '@loserfox/distill@https://codeload.github.com/LoserFox/distill/tar.gz/d2aaa395adeffe88e429be796c12d829752cbad1': {}

  '@omdsh-dev/dsh-genui@https://codeload.github.com/omdsh-dev/dsh-genui/tar.gz/0e756efb7671e6b8413dde3d8e199c68fa89cbeb':
    dependencies:
      react: 18.3.1

  '@standard-schema/spec@1.1.0': {}

  cosmokit@1.8.1: {}

  js-tokens@4.0.0: {}

  loose-envify@1.4.0:
    dependencies:
      js-tokens: 4.0.0

  react@18.3.1:
    dependencies:
      loose-envify: 1.4.0

  schemastery@3.18.0:
    dependencies:
      '@standard-schema/spec': 1.1.0
      cosmokit: 1.8.1
