lockfileVersion: '9.0'

settings:
  autoInstallPeers: false
  excludeLinksFromLockfile: false

importers:

  .:
    dependencies:
      '@dsh-external/dsh-visualize':
        specifier: github:Nagi-ovo/dsh-visualize
        version: https://codeload.github.com/Nagi-ovo/dsh-visualize/tar.gz/9667c0e9cf0ea463b9b45b2845de62da34fd918a(react@18.3.1)
      '@linxin666/dsh-client-ui-skin-blue-fantasy':
        specifier: latest
        version: 0.2.0
      '@linxin666/dsh-client-ui-skin-center':
        specifier: latest
        version: 0.3.16(react@18.3.1)
      '@linxin666/dsh-liangshen':
        specifier: latest
        version: 0.3.16
      '@omdsh-dev/dsh-genui':
        specifier: github:omdsh-dev/dsh-genui
        version: https://codeload.github.com/omdsh-dev/dsh-genui/tar.gz/0e756efb7671e6b8413dde3d8e199c68fa89cbeb
      '@vlln/dsh-navbar':
        specifier: github:vlln/dsh-navbar
        version: https://codeload.github.com/vlln/dsh-navbar/tar.gz/f41d446f843e575c3291e4926718f9dc6e0f3bea
      dsh-at-file:
        specifier: github:omdsh-dev/dsh-at-file
        version: https://codeload.github.com/omdsh-dev/dsh-at-file/tar.gz/2c5653ebc3240626cdad41a9c01d15d22471aed2(react@18.3.1)

packages:

  '@dsh-external/dsh-visualize@https://codeload.github.com/Nagi-ovo/dsh-visualize/tar.gz/9667c0e9cf0ea463b9b45b2845de62da34fd918a':
    resolution: {gitHosted: true, integrity: sha512-6kvERA4Cg69KV+E8fnMqh2JiN2vqcNpxkUPhamMqR0dEMCGKOrRocwCA9xVI+Wl24w1ZxfHXkzwH0Fz1iGfaMA==, tarball: https://codeload.github.com/Nagi-ovo/dsh-visualize/tar.gz/9667c0e9cf0ea463b9b45b2845de62da34fd918a}
    version: 0.1.2
    peerDependencies:
      '@deepseek-ai/cordis': ^4.0.1
      '@deepseek-ai/dsh-fs': ^0.1.0-rc.6
      '@deepseek-ai/dsh-llm': ^0.1.0-rc.6
      '@deepseek-ai/dsh-sandbox-policy': ^0.1.0-rc.6
      '@deepseek-ai/dsh-session': ^0.1.0-rc.6
      '@deepseek-ai/dsh-skill': ^0.1.0-rc.6
      '@deepseek-ai/dsh-tools': ^0.1.0-rc.6
      '@deepseek-ai/schemastery': ^3.18.1
      react: ^18.2.0

  '@linxin666/dsh-client-ui-skin-blue-fantasy@0.2.0':
    resolution: {integrity: sha512-w9adVHzLJGKlN0Loy+qttkqz8iWHEnYfn/PzzwoOIWIXaA/YKvD1ZcxlG7B0csNCE46uh6clUWpJPxYP4ZW6tg==}

  '@linxin666/dsh-client-ui-skin-center@0.3.16':
    resolution: {integrity: sha512-nP5sfMYhO36qCvUnS1t0Ofcz0PKcHL5/aIaeKEaTW8z+rE/CL3DTfPjybwY/0kqk7EUbY1lxMCFT2z42I1GJCg==}
    peerDependencies:
      react: ^18.2.0

  '@linxin666/dsh-liangshen@0.3.16':
    resolution: {integrity: sha512-dPW4I6DwZP/ATUO/WfGo6txku7eQJIANVf5WVVLCdrUics0W0WJaARUehj3xGSoW7cmp37gh9JKHHKItyxMzGQ==}
    engines: {node: ^22.19.0 || >=24.0.0}

  '@omdsh-dev/dsh-genui@https://codeload.github.com/omdsh-dev/dsh-genui/tar.gz/0e756efb7671e6b8413dde3d8e199c68fa89cbeb':
    resolution: {gitHosted: true, integrity: sha512-4nuYmKz+/wD+B0yu60AUGjHffM3dQe6z9H8Cpd66TPm/meZoHBTHCXPDCCYGiI18lwUB96Chyyq3i6Mld5d0kw==, tarball: https://codeload.github.com/omdsh-dev/dsh-genui/tar.gz/0e756efb7671e6b8413dde3d8e199c68fa89cbeb}
    version: 0.8.3
    engines: {node: ^22.19.0 || >=24.0.0, pnpm: '>=11.7.0 <12'}
    peerDependencies:
      '@deepseek-ai/cordis': ^4.0.1
      '@deepseek-ai/dsh-client-runtime': ^0.1.0-rc.6
      '@deepseek-ai/dsh-client-ui-primitives': ^0.1.0-rc.6
      '@deepseek-ai/dsh-client-ui-slots': ^0.1.0-rc.6
      '@deepseek-ai/dsh-client-ui-tool': ^0.1.0-rc.6
      '@deepseek-ai/dsh-invariants': ^0.1.0-rc.6
      '@deepseek-ai/dsh-llm': ^0.1.0-rc.6
      '@deepseek-ai/dsh-system-prompt': ^0.1.0-rc.6
      '@deepseek-ai/dsh-tools': ^0.1.0-rc.6

  '@standard-schema/spec@1.1.0':
    resolution: {integrity: sha512-l2aFy5jALhniG5HgqrD6jXLi/rUWrKvqN/qJx6yoJsgKhblVd+iqqU4RCXavm/jPityDo5TCvKMnpjKnOriy0w==}

  '@vlln/dsh-navbar@https://codeload.github.com/vlln/dsh-navbar/tar.gz/f41d446f843e575c3291e4926718f9dc6e0f3bea':
    resolution: {gitHosted: true, tarball: https://codeload.github.com/vlln/dsh-navbar/tar.gz/f41d446f843e575c3291e4926718f9dc6e0f3bea}
    version: 0.4.0
    engines: {dsh: '>=0.1.0-rc.5', node: '>=22.19.0'}
    peerDependencies:
      '@deepseek-ai/cordis': ^4.0.1

  cosmokit@1.8.1:
    resolution: {integrity: sha512-PDBv4l90xZKrUsZ0vtoycgZpO/j4iFsqJXrAxsyBDsnQRI7ZMJXIjgDJsKNjd5L8jnVnnlrDCdhkFbTncgCVjQ==}

  detect-libc@2.1.2:
    resolution: {integrity: sha512-Btj2BOOO83o3WyH59e8MgXsxEQVcarkUOpEYrubB0urwnN10yQ364rsiByU11nZlqWYZm05i/of7io4mzihBtQ==}
    engines: {node: '>=8'}

  dsh-at-file@https://codeload.github.com/omdsh-dev/dsh-at-file/tar.gz/2c5653ebc3240626cdad41a9c01d15d22471aed2:
    resolution: {gitHosted: true, integrity: sha512-ewO/a9BCXibm1pGWngpgjcr3b0U7DBkXd4lQOpCk3Sg4XCdHyZxzqA4wisChcn1Kx7TOwKKr9/8hdgUxv+tMcQ==, tarball: https://codeload.github.com/omdsh-dev/dsh-at-file/tar.gz/2c5653ebc3240626cdad41a9c01d15d22471aed2}
    version: 0.6.1
    peerDependencies:
      '@deepseek-ai/cordis': ^4.0.1-rc.1
      '@deepseek-ai/dsh-agent': '*'
      '@deepseek-ai/dsh-api-remotes': '*'
      '@deepseek-ai/dsh-client-connection': '*'
      '@deepseek-ai/dsh-client-locale': '*'
      '@deepseek-ai/dsh-client-runtime': '*'
      '@deepseek-ai/dsh-client-ui-conversation': '*'
      '@deepseek-ai/dsh-client-ui-input-trigger': '*'
      '@deepseek-ai/dsh-client-ui-settings': '*'
      '@deepseek-ai/dsh-client-ui-slots': '*'
      '@deepseek-ai/dsh-llm': '*'
      '@deepseek-ai/dsh-settings': '*'
      '@deepseek-ai/dsh-typert-protocol': '*'
      '@deepseek-ai/dsh-typert-registry': '*'
      react: ^18.2.0
    peerDependenciesMeta:
      '@deepseek-ai/cordis':
        optional: true
      '@deepseek-ai/dsh-agent':
        optional: true
      '@deepseek-ai/dsh-api-remotes':
        optional: true
      '@deepseek-ai/dsh-client-connection':
        optional: true
      '@deepseek-ai/dsh-client-locale':
        optional: true
      '@deepseek-ai/dsh-client-runtime':
        optional: true
      '@deepseek-ai/dsh-client-ui-conversation':
        optional: true
      '@deepseek-ai/dsh-client-ui-input-trigger':
        optional: true
      '@deepseek-ai/dsh-client-ui-settings':
        optional: true
      '@deepseek-ai/dsh-client-ui-slots':
        optional: true
      '@deepseek-ai/dsh-llm':
        optional: true
      '@deepseek-ai/dsh-settings':
        optional: true
      '@deepseek-ai/dsh-typert-protocol':
        optional: true
      '@deepseek-ai/dsh-typert-registry':
        optional: true
      react:
        optional: true

  jpeg-js@0.4.4:
    resolution: {integrity: sha512-WZzeDOEtTOBK4Mdsar0IqEU5sMr3vSV2RqkAIzUEV2BHnUfKGyswWFPFwK5EeDo93K3FohSHbLAjj0s1Wzd+dg==}

  js-tokens@4.0.0:
    resolution: {integrity: sha512-RdJUflcE3cUzKiMqQgsCu06FPu9UdIJO0beYbPhHN4k6apgJtifcoCtT9bcxOpYBtpD2kCM6Sbzg4CausW/PKQ==}

  lightningcss-android-arm64@1.33.0:
    resolution: {integrity: sha512-gEpRTalKdosp4Bb8qWtc2iOgE5SeIHlpS1up9bFq2wAyYhl1UdTObYiHe98zEM9SQvSoqQZ1IQD0JNpg3Ml5pg==}
    engines: {node: '>= 12.0.0'}
    cpu: [arm64]
    os: [android]

  lightningcss-darwin-arm64@1.33.0:
    resolution: {integrity: sha512-Sciaz8eenNTKn9b3t7+xr0ipTp9YxKQY4npwQ3mrRuL0BAVHBLyZxofhaKBAVtzmtRZ/zTyo0/to4B1uWG/Djg==}
    engines: {node: '>= 12.0.0'}
    cpu: [arm64]
    os: [darwin]

  lightningcss-darwin-x64@1.33.0:
    resolution: {integrity: sha512-Z5UPAxzrjlWNNyGy6i65cJzzvgJ5D3T6wMvs+gWpY9d7qRhANrxqAp6LhxIgZhWEw18RfJTGcRxjuLIBr+m8XQ==}
    engines: {node: '>= 12.0.0'}
    cpu: [x64]
    os: [darwin]

  lightningcss-freebsd-x64@1.33.0:
    resolution: {integrity: sha512-QQM/Ti/hQajJwCY+RiWuCZ9sdtI/XQk7nDK5vC8kkdwixezOlDgvDx7+RT+QjK6FcFT4MpsuoBnHIo/O3StRRg==}
    engines: {node: '>= 12.0.0'}
    cpu: [x64]
    os: [freebsd]

  lightningcss-linux-arm-gnueabihf@1.33.0:
    resolution: {integrity: sha512-N7FVBe6iS24MlM6R/4RBTxGhQheZGs7tiQ9U32UtF75NzP5Q7xWPRqLBCKxlRQRk3rY1jCIPLzx7WzOhuUIRLQ==}
    engines: {node: '>= 12.0.0'}
    cpu: [arm]
    os: [linux]

  lightningcss-linux-arm64-gnu@1.33.0:
    resolution: {integrity: sha512-j2v/itmy4HlNxlc6voKXYgBqNi0Ng2LShg4z7GufpEgs05P+2suBVyi9I6YHq5uoVFx9ETin3eCEhLVyXGQnKg==}
    engines: {node: '>= 12.0.0'}
    cpu: [arm64]
    os: [linux]
    libc: [glibc]

  lightningcss-linux-arm64-musl@1.33.0:
    resolution: {integrity: sha512-yiO5ROMuYQgXbC60yjZU5CYSFZGKXL0HFATXt9mHJn1+zW55oCtMI9NfcVhYLMFDL7gV7oBPon/EmMMGg2OvtQ==}
    engines: {node: '>= 12.0.0'}
    cpu: [arm64]
    os: [linux]
    libc: [musl]

  lightningcss-linux-x64-gnu@1.33.0:
    resolution: {integrity: sha512-ar+Ju7LmcN0Jo4FpL4hpFybwNG9/3A/Br5KW2n2jyODg3MEZXaDYADdemoNS+BDNfMgKvylJLj4S5tyRActuAg==}
    engines: {node: '>= 12.0.0'}
    cpu: [x64]
    os: [linux]
    libc: [glibc]

  lightningcss-linux-x64-musl@1.33.0:
    resolution: {integrity: sha512-RYiYbkokw0trfKqqzfF55lginwEPrD3OJDfTuJzFs1MK6iFnDenaz1fqLLtX4ITG3OktJQXOeTaw1awrBAlZPw==}
    engines: {node: '>= 12.0.0'}
    cpu: [x64]
    os: [linux]
    libc: [musl]

  lightningcss-win32-arm64-msvc@1.33.0:
    resolution: {integrity: sha512-1K+MPfLSFVpphzpdbfkhlWk6wBrTObBzS2T6db10PNOZgR9GoVsAWzwNyuhUYYbTp23j+4RrncfujZ4uAzXvwA==}
    engines: {node: '>= 12.0.0'}
    cpu: [arm64]
    os: [win32]

  lightningcss-win32-x64-msvc@1.33.0:
    resolution: {integrity: sha512-OlEICDx/Xl0FqSp4bry8zFnCvGpig3Gl4gCquvYwHuqJKEC1+n9NgDniFvqHGmMv1ZkqDJrDqKKSykTDX+ehuA==}
    engines: {node: '>= 12.0.0'}
    cpu: [x64]
    os: [win32]

  lightningcss@1.33.0:
    resolution: {integrity: sha512-WkUDrojuJs0xkgGf2udWxa3yGBRxPtxUkB79i6aCZLRgc7PM8fZe9TosfPDcvEpQZbuFASnHYmRLBLUbmLOIIA==}
    engines: {node: '>= 12.0.0'}

  loose-envify@1.4.0:
    resolution: {integrity: sha512-lyuxPGr/Wfhrlem2CL/UcnUc1zcqKAImBDzukY7Y5F/yQiNdko6+fRLevlw1HgMySw7f611UIY408EtxRSoK3Q==}
    hasBin: true

  react@18.3.1:
    resolution: {integrity: sha512-wS+hAgJShR0KhEvPJArfuPVN1+Hz1t0Y6n5jLrGQbkb4urgPE/0Rve+1kMB1v/oWgHgm4WIcV+i7F2pTVj+2iQ==}
    engines: {node: '>=0.10.0'}

  schemastery@3.18.0:
    resolution: {integrity: sha512-Jw2uxjoyyqc/yeurmChUEc/jbi8GsrdXV/KmqRUDZXJAXAmrJiPsz8vKa17l/VckyzljHZ9oGaul443CQiXxtA==}

  zod@4.4.3:
    resolution: {integrity: sha512-ytENFjIJFl2UwYglde2jchW2Hwm4GJFLDiSXWdTrJQBIN9Fcyp7n4DhxJEiWNAJMV1/BqWfW/kkg71UDcHJyTQ==}

snapshots:

  '@dsh-external/dsh-visualize@https://codeload.github.com/Nagi-ovo/dsh-visualize/tar.gz/9667c0e9cf0ea463b9b45b2845de62da34fd918a(react@18.3.1)':
    dependencies:
      react: 18.3.1

  '@linxin666/dsh-client-ui-skin-blue-fantasy@0.2.0': {}

  '@linxin666/dsh-client-ui-skin-center@0.3.16(react@18.3.1)':
    dependencies:
      jpeg-js: 0.4.4
      lightningcss: 1.33.0
      react: 18.3.1
      schemastery: 3.18.0

  '@linxin666/dsh-liangshen@0.3.16':
    dependencies:
      schemastery: 3.18.0

  '@omdsh-dev/dsh-genui@https://codeload.github.com/omdsh-dev/dsh-genui/tar.gz/0e756efb7671e6b8413dde3d8e199c68fa89cbeb':
    dependencies:
      react: 18.3.1

  '@standard-schema/spec@1.1.0': {}

  '@vlln/dsh-navbar@https://codeload.github.com/vlln/dsh-navbar/tar.gz/f41d446f843e575c3291e4926718f9dc6e0f3bea': {}

  cosmokit@1.8.1: {}

  detect-libc@2.1.2: {}

  dsh-at-file@https://codeload.github.com/omdsh-dev/dsh-at-file/tar.gz/2c5653ebc3240626cdad41a9c01d15d22471aed2(react@18.3.1):
    dependencies:
      zod: 4.4.3
    optionalDependencies:
      react: 18.3.1

  jpeg-js@0.4.4: {}

  js-tokens@4.0.0: {}

  lightningcss-android-arm64@1.33.0:
    optional: true

  lightningcss-darwin-arm64@1.33.0:
    optional: true

  lightningcss-darwin-x64@1.33.0:
    optional: true

  lightningcss-freebsd-x64@1.33.0:
    optional: true

  lightningcss-linux-arm-gnueabihf@1.33.0:
    optional: true

  lightningcss-linux-arm64-gnu@1.33.0:
    optional: true

  lightningcss-linux-arm64-musl@1.33.0:
    optional: true

  lightningcss-linux-x64-gnu@1.33.0:
    optional: true

  lightningcss-linux-x64-musl@1.33.0:
    optional: true

  lightningcss-win32-arm64-msvc@1.33.0:
    optional: true

  lightningcss-win32-x64-msvc@1.33.0:
    optional: true

  lightningcss@1.33.0:
    dependencies:
      detect-libc: 2.1.2
    optionalDependencies:
      lightningcss-android-arm64: 1.33.0
      lightningcss-darwin-arm64: 1.33.0
      lightningcss-darwin-x64: 1.33.0
      lightningcss-freebsd-x64: 1.33.0
      lightningcss-linux-arm-gnueabihf: 1.33.0
      lightningcss-linux-arm64-gnu: 1.33.0
      lightningcss-linux-arm64-musl: 1.33.0
      lightningcss-linux-x64-gnu: 1.33.0
      lightningcss-linux-x64-musl: 1.33.0
      lightningcss-win32-arm64-msvc: 1.33.0
      lightningcss-win32-x64-msvc: 1.33.0

  loose-envify@1.4.0:
    dependencies:
      js-tokens: 4.0.0

  react@18.3.1:
    dependencies:
      loose-envify: 1.4.0

  schemastery@3.18.0:
    dependencies:
      '@standard-schema/spec': 1.1.0
      cosmokit: 1.8.1

  zod@4.4.3: {}
